// !$*UTF8*$!
{
	archiveVersion = 1;
	classes = {
	};
	objectVersion = 46;
	objects = {

/* Begin PBXBuildFile section */
		0200D1A91E4C24E700FE128D /* SSkinnedMesh.cpp in Sources */ = {isa = PBXBuildFile; fileRef = 0200D1A71E4C24E700FE128D /* SSkinnedMesh.cpp */; };
		0201C77F1DEF4A9A00AA0B24 /* libopenal.1.dylib in Frameworks */ = {isa = PBXBuildFile; fileRef = 0201C77E1DEF4A9A00AA0B24 /* libopenal.1.dylib */; };
		0201C7811DEF4ACB00AA0B24 /* libopenal.1.dylib in Copy Frameworks */ = {isa = PBXBuildFile; fileRef = 0201C77E1DEF4A9A00AA0B24 /* libopenal.1.dylib */; settings = {ATTRIBUTES = (CodeSignOnCopy, ); }; };
		0202413E1D7C99130050E9D3 /* libboost_signals.a in Frameworks */ = {isa = PBXBuildFile; fileRef = 0202413D1D7C99130050E9D3 /* libboost_signals.a */; };
		021004601E4B645B00E00A24 /* SSkinnedModel.cpp in Sources */ = {isa = PBXBuildFile; fileRef = 0210045E1E4B645B00E00A24 /* SSkinnedModel.cpp */; };
		025903251D7793EA00EA6372 /* libboost_system.a in Frameworks */ = {isa = PBXBuildFile; fileRef = 0259031E1D7793EA00EA6372 /* libboost_system.a */; };
		025903261D7793EA00EA6372 /* libboost_thread.a in Frameworks */ = {isa = PBXBuildFile; fileRef = 0259031F1D7793EA00EA6372 /* libboost_thread.a */; };
		025903281D7793EA00EA6372 /* CoreVideo.framework in Frameworks */ = {isa = PBXBuildFile; fileRef = 025903211D7793EA00EA6372 /* CoreVideo.framework */; };
		025903291D7793EA00EA6372 /* IOKit.framework in Frameworks */ = {isa = PBXBuildFile; fileRef = 025903221D7793EA00EA6372 /* IOKit.framework */; };
		0259032A1D7793EA00EA6372 /* Cocoa.framework in Frameworks */ = {isa = PBXBuildFile; fileRef = 025903231D7793EA00EA6372 /* Cocoa.framework */; };
		0259032B1D7793EA00EA6372 /* OpenGL.framework in Frameworks */ = {isa = PBXBuildFile; fileRef = 025903241D7793EA00EA6372 /* OpenGL.framework */; };
		0291EBBA1E46B2D50048DB92 /* SLog.cpp in Sources */ = {isa = PBXBuildFile; fileRef = 0291EB391E46B2D40048DB92 /* SLog.cpp */; };
		0291EBBB1E46B2D50048DB92 /* SRectPacker.cpp in Sources */ = {isa = PBXBuildFile; fileRef = 0291EB3F1E46B2D40048DB92 /* SRectPacker.cpp */; };
		0291EBBC1E46B2D50048DB92 /* STime.cpp in Sources */ = {isa = PBXBuildFile; fileRef = 0291EB411E46B2D40048DB92 /* STime.cpp */; };
		0291EBBD1E46B2D50048DB92 /* SInputSystem.cpp in Sources */ = {isa = PBXBuildFile; fileRef = 0291EB451E46B2D40048DB92 /* SInputSystem.cpp */; };
		0291EBBE1E46B2D50048DB92 /* SEventSystem.cpp in Sources */ = {isa = PBXBuildFile; fileRef = 0291EB481E46B2D40048DB92 /* SEventSystem.cpp */; };
		0291EBBF1E46B2D50048DB92 /* SFileSystem.cpp in Sources */ = {isa = PBXBuildFile; fileRef = 0291EB4B1E46B2D40048DB92 /* SFileSystem.cpp */; };
		0291EBC01E46B2D50048DB92 /* main.cpp in Sources */ = {isa = PBXBuildFile; fileRef = 0291EB4D1E46B2D40048DB92 /* main.cpp */; };
		0291EBC11E46B2D50048DB92 /* SCharacterController.cpp in Sources */ = {isa = PBXBuildFile; fileRef = 0291EB4F1E46B2D40048DB92 /* SCharacterController.cpp */; };
		0291EBC21E46B2D50048DB92 /* SPhysicsSystem.cpp in Sources */ = {isa = PBXBuildFile; fileRef = 0291EB511E46B2D40048DB92 /* SPhysicsSystem.cpp */; };
		0291EBC31E46B2D50048DB92 /* SRigidBody.cpp in Sources */ = {isa = PBXBuildFile; fileRef = 0291EB531E46B2D40048DB92 /* SRigidBody.cpp */; };
		0291EBC41E46B2D50048DB92 /* SSceneGraph.cpp in Sources */ = {isa = PBXBuildFile; fileRef = 0291EB571E46B2D40048DB92 /* SSceneGraph.cpp */; };
		0291EBC51E46B2D50048DB92 /* SLight.cpp in Sources */ = {isa = PBXBuildFile; fileRef = 0291EB5A1E46B2D40048DB92 /* SLight.cpp */; };
		0291EBC61E46B2D50048DB92 /* SLightGraph.cpp in Sources */ = {isa = PBXBuildFile; fileRef = 0291EB5C1E46B2D40048DB92 /* SLightGraph.cpp */; };
		0291EBC71E46B2D50048DB92 /* SStaticMeshComponent.cpp in Sources */ = {isa = PBXBuildFile; fileRef = 0291EB621E46B2D40048DB92 /* SStaticMeshComponent.cpp */; };
		0291EBC81E46B2D50048DB92 /* SActor.cpp in Sources */ = {isa = PBXBuildFile; fileRef = 0291EB641E46B2D40048DB92 /* SActor.cpp */; };
		0291EBC91E46B2D50048DB92 /* SComponent.cpp in Sources */ = {isa = PBXBuildFile; fileRef = 0291EB661E46B2D40048DB92 /* SComponent.cpp */; };
		0291EBCB1E46B2D50048DB92 /* SObject.cpp in Sources */ = {isa = PBXBuildFile; fileRef = 0291EB6A1E46B2D40048DB92 /* SObject.cpp */; };
		0291EBCC1E46B2D50048DB92 /* SAmbientOcclusionPass.cpp in Sources */ = {isa = PBXBuildFile; fileRef = 0291EB6E1E46B2D40048DB92 /* SAmbientOcclusionPass.cpp */; };
		0291EBCD1E46B2D50048DB92 /* SDeferredRenderingPipeline.cpp in Sources */ = {isa = PBXBuildFile; fileRef = 0291EB721E46B2D40048DB92 /* SDeferredRenderingPipeline.cpp */; };
		0291EBCE1E46B2D50048DB92 /* SFramebuffer.cpp in Sources */ = {isa = PBXBuildFile; fileRef = 0291EB741E46B2D40048DB92 /* SFramebuffer.cpp */; };
		0291EBCF1E46B2D50048DB92 /* SRenderingPipeline.cpp in Sources */ = {isa = PBXBuildFile; fileRef = 0291EB761E46B2D40048DB92 /* SRenderingPipeline.cpp */; };
		0291EBD01E46B2D50048DB92 /* SGL.cpp in Sources */ = {isa = PBXBuildFile; fileRef = 0291EB781E46B2D40048DB92 /* SGL.cpp */; };
		0291EBD11E46B2D50048DB92 /* SRenderSystem.cpp in Sources */ = {isa = PBXBuildFile; fileRef = 0291EB7A1E46B2D40048DB92 /* SRenderSystem.cpp */; };
		0291EBD21E46B2D50048DB92 /* SBoundingBox.cpp in Sources */ = {isa = PBXBuildFile; fileRef = 0291EB7D1E46B2D40048DB92 /* SBoundingBox.cpp */; };
		0291EBD31E46B2D50048DB92 /* SCamera.cpp in Sources */ = {isa = PBXBuildFile; fileRef = 0291EB7F1E46B2D40048DB92 /* SCamera.cpp */; };
		0291EBD41E46B2D50048DB92 /* SCubeMap.cpp in Sources */ = {isa = PBXBuildFile; fileRef = 0291EB841E46B2D40048DB92 /* SCubeMap.cpp */; };
		0291EBD51E46B2D50048DB92 /* SCursor.cpp in Sources */ = {isa = PBXBuildFile; fileRef = 0291EB861E46B2D40048DB92 /* SCursor.cpp */; };
		0291EBD61E46B2D50048DB92 /* SGbufferShader.cpp in Sources */ = {isa = PBXBuildFile; fileRef = 0291EB8A1E46B2D40048DB92 /* SGbufferShader.cpp */; };
		0291EBD71E46B2D50048DB92 /* SShader.cpp in Sources */ = {isa = PBXBuildFile; fileRef = 0291EB8C1E46B2D40048DB92 /* SShader.cpp */; };
		0291EBD81E46B2D50048DB92 /* SUniform.cpp in Sources */ = {isa = PBXBuildFile; fileRef = 0291EB8E1E46B2D40048DB92 /* SUniform.cpp */; };
		0291EBD91E46B2D50048DB92 /* SMaterial.cpp in Sources */ = {isa = PBXBuildFile; fileRef = 0291EB901E46B2D40048DB92 /* SMaterial.cpp */; };
		0291EBDA1E46B2D50048DB92 /* SModel.cpp in Sources */ = {isa = PBXBuildFile; fileRef = 0291EB921E46B2D40048DB92 /* SModel.cpp */; };
		0291EBDB1E46B2D50048DB92 /* SStaticMesh.cpp in Sources */ = {isa = PBXBuildFile; fileRef = 0291EB951E46B2D40048DB92 /* SStaticMesh.cpp */; };
		0291EBDC1E46B2D50048DB92 /* STexture.cpp in Sources */ = {isa = PBXBuildFile; fileRef = 0291EB971E46B2D40048DB92 /* STexture.cpp */; };
		0291EBDD1E46B2D50048DB92 /* SSound.cpp in Sources */ = {isa = PBXBuildFile; fileRef = 0291EB9A1E46B2D50048DB92 /* SSound.cpp */; };
		0291EBDE1E46B2D50048DB92 /* SGLUpload.cpp in Sources */ = {isa = PBXBuildFile; fileRef = 0291EB9C1E46B2D50048DB92 /* SGLUpload.cpp */; };
		0291EBDF1E46B2D50048DB92 /* SHotLoadSystem.cpp in Sources */ = {isa = PBXBuildFile; fileRef = 0291EB9E1E46B2D50048DB92 /* SHotLoadSystem.cpp */; };
		0291EBE01E46B2D50048DB92 /* SResourceManager.cpp in Sources */ = {isa = PBXBuildFile; fileRef = 0291EBA01E46B2D50048DB92 /* SResourceManager.cpp */; };
		0291EBE11E46B2D50048DB92 /* SMainLoop.cpp in Sources */ = {isa = PBXBuildFile; fileRef = 0291EBA21E46B2D50048DB92 /* SMainLoop.cpp */; };
		0291EBE21E46B2D50048DB92 /* SSoundEmitter.cpp in Sources */ = {isa = PBXBuildFile; fileRef = 0291EBA51E46B2D50048DB92 /* SSoundEmitter.cpp */; };
		0291EBE31E46B2D50048DB92 /* SSoundSystem.cpp in Sources */ = {isa = PBXBuildFile; fileRef = 0291EBA71E46B2D50048DB92 /* SSoundSystem.cpp */; };
		0291EBE41E46B2D50048DB92 /* SConsole.cpp in Sources */ = {isa = PBXBuildFile; fileRef = 0291EBAB1E46B2D50048DB92 /* SConsole.cpp */; };
		0291EBE51E46B2D50048DB92 /* SUI.cpp in Sources */ = {isa = PBXBuildFile; fileRef = 0291EBAD1E46B2D50048DB92 /* SUI.cpp */; };
		0291EBE61E46B2D50048DB92 /* SFont.cpp in Sources */ = {isa = PBXBuildFile; fileRef = 0291EBB01E46B2D50048DB92 /* SFont.cpp */; };
		0291EBE71E46B2D50048DB92 /* STextRenderer.cpp in Sources */ = {isa = PBXBuildFile; fileRef = 0291EBB21E46B2D50048DB92 /* STextRenderer.cpp */; };
		0291EBE81E46B2D50048DB92 /* SUIButton.cpp in Sources */ = {isa = PBXBuildFile; fileRef = 0291EBB51E46B2D50048DB92 /* SUIButton.cpp */; };
		0291EBE91E46B2D50048DB92 /* SUITextField.cpp in Sources */ = {isa = PBXBuildFile; fileRef = 0291EBB71E46B2D50048DB92 /* SUITextField.cpp */; };
		029865851D84771F005EED43 /* Material in CopyFiles */ = {isa = PBXBuildFile; fileRef = 029865841D84771A005EED43 /* Material */; };
		029865981D84AD52005EED43 /* Model in CopyFiles */ = {isa = PBXBuildFile; fileRef = 029865971D84AD4D005EED43 /* Model */; };
		0298659B1D84C3A8005EED43 /* Texture in CopyFiles */ = {isa = PBXBuildFile; fileRef = 0298659A1D84C38D005EED43 /* Texture */; };
		02A7556E1E526A3A00B8279C /* Sound in CopyFiles */ = {isa = PBXBuildFile; fileRef = 0201C78B1DEF50FA00AA0B24 /* Sound */; };
		02B6B7DD1DDB39A80068FCBA /* Shader in CopyFiles */ = {isa = PBXBuildFile; fileRef = 020604711DB7982800B6268F /* Shader */; };
		02B6B7DE1DDB39AD0068FCBA /* Font in CopyFiles */ = {isa = PBXBuildFile; fileRef = 02B6B7DC1DDB399B0068FCBA /* Font */; };
		02B9A95E1E4F7BB500A21784 /* SDeferredTileController.cpp in Sources */ = {isa = PBXBuildFile; fileRef = 02B9A95C1E4F7BB500A21784 /* SDeferredTileController.cpp */; };
		02BD752E1E2B32F500593C11 /* libglfw3.a in Frameworks */ = {isa = PBXBuildFile; fileRef = 02BD752D1E2B32F500593C11 /* libglfw3.a */; };
		02BE01461E4CD3480031DD19 /* SAnimation.cpp in Sources */ = {isa = PBXBuildFile; fileRef = 02BE01441E4CD3480031DD19 /* SAnimation.cpp */; };
		02E7FC831DB545D600955052 /* libfreeimage.a in Frameworks */ = {isa = PBXBuildFile; fileRef = 02E7FC821DB545D600955052 /* libfreeimage.a */; };
		02F6D9011E0C16F100D78D80 /* libLowLevel.a in Frameworks */ = {isa = PBXBuildFile; fileRef = 02F6D8F31E0C16F100D78D80 /* libLowLevel.a */; };
		02F6D9021E0C16F100D78D80 /* libLowLevelCloth.a in Frameworks */ = {isa = PBXBuildFile; fileRef = 02F6D8F41E0C16F100D78D80 /* libLowLevelCloth.a */; };
		02F6D9031E0C16F100D78D80 /* libPhysX3.a in Frameworks */ = {isa = PBXBuildFile; fileRef = 02F6D8F51E0C16F100D78D80 /* libPhysX3.a */; };
		02F6D9041E0C16F100D78D80 /* libPhysX3CharacterKinematic.a in Frameworks */ = {isa = PBXBuildFile; fileRef = 02F6D8F61E0C16F100D78D80 /* libPhysX3CharacterKinematic.a */; };
		02F6D9051E0C16F100D78D80 /* libPhysX3Common.a in Frameworks */ = {isa = PBXBuildFile; fileRef = 02F6D8F71E0C16F100D78D80 /* libPhysX3Common.a */; };
		02F6D9061E0C16F100D78D80 /* libPhysX3Cooking.a in Frameworks */ = {isa = PBXBuildFile; fileRef = 02F6D8F81E0C16F100D78D80 /* libPhysX3Cooking.a */; };
		02F6D9071E0C16F100D78D80 /* libPhysX3Extensions.a in Frameworks */ = {isa = PBXBuildFile; fileRef = 02F6D8F91E0C16F100D78D80 /* libPhysX3Extensions.a */; };
		02F6D9081E0C16F100D78D80 /* libPhysX3Vehicle.a in Frameworks */ = {isa = PBXBuildFile; fileRef = 02F6D8FA1E0C16F100D78D80 /* libPhysX3Vehicle.a */; };
		02F6D9091E0C16F100D78D80 /* libPhysXProfileSDK.a in Frameworks */ = {isa = PBXBuildFile; fileRef = 02F6D8FB1E0C16F100D78D80 /* libPhysXProfileSDK.a */; };
		02F6D90A1E0C16F100D78D80 /* libPhysXVisualDebuggerSDK.a in Frameworks */ = {isa = PBXBuildFile; fileRef = 02F6D8FC1E0C16F100D78D80 /* libPhysXVisualDebuggerSDK.a */; };
		02F6D90B1E0C16F100D78D80 /* libPvdRuntime.a in Frameworks */ = {isa = PBXBuildFile; fileRef = 02F6D8FD1E0C16F100D78D80 /* libPvdRuntime.a */; };
		02F6D90C1E0C16F100D78D80 /* libPxTask.a in Frameworks */ = {isa = PBXBuildFile; fileRef = 02F6D8FE1E0C16F100D78D80 /* libPxTask.a */; };
		02F6D90D1E0C16F100D78D80 /* libSceneQuery.a in Frameworks */ = {isa = PBXBuildFile; fileRef = 02F6D8FF1E0C16F100D78D80 /* libSceneQuery.a */; };
		02F6D90E1E0C16F100D78D80 /* libSimulationController.a in Frameworks */ = {isa = PBXBuildFile; fileRef = 02F6D9001E0C16F100D78D80 /* libSimulationController.a */; };
/* End PBXBuildFile section */

/* Begin PBXCopyFilesBuildPhase section */
		0201C7801DEF4AC200AA0B24 /* Copy Frameworks */ = {
			isa = PBXCopyFilesBuildPhase;
			buildActionMask = 2147483647;
			dstPath = "";
			dstSubfolderSpec = 10;
			files = (
				0201C7811DEF4ACB00AA0B24 /* libopenal.1.dylib in Copy Frameworks */,
			);
			name = "Copy Frameworks";
			runOnlyForDeploymentPostprocessing = 0;
		};
		025CB59E1D83D5CC0059AF6C /* CopyFiles */ = {
			isa = PBXCopyFilesBuildPhase;
			buildActionMask = 12;
			dstPath = "";
			dstSubfolderSpec = 7;
			files = (
				02B6B7DE1DDB39AD0068FCBA /* Font in CopyFiles */,
				0298659B1D84C3A8005EED43 /* Texture in CopyFiles */,
				029865851D84771F005EED43 /* Material in CopyFiles */,
				02B6B7DD1DDB39A80068FCBA /* Shader in CopyFiles */,
				029865981D84AD52005EED43 /* Model in CopyFiles */,
				02A7556E1E526A3A00B8279C /* Sound in CopyFiles */,
			);
			runOnlyForDeploymentPostprocessing = 0;
		};
/* End PBXCopyFilesBuildPhase section */

/* Begin PBXFileReference section */
		0200D1A71E4C24E700FE128D /* SSkinnedMesh.cpp */ = {isa = PBXFileReference; fileEncoding = 4; lastKnownFileType = sourcecode.cpp.cpp; path = SSkinnedMesh.cpp; sourceTree = "<group>"; };
		0200D1A81E4C24E700FE128D /* SSkinnedMesh.hpp */ = {isa = PBXFileReference; fileEncoding = 4; lastKnownFileType = sourcecode.cpp.h; path = SSkinnedMesh.hpp; sourceTree = "<group>"; };
		0201C77E1DEF4A9A00AA0B24 /* libopenal.1.dylib */ = {isa = PBXFileReference; lastKnownFileType = "compiled.mach-o.dylib"; name = libopenal.1.dylib; path = OpenAL/lib/libopenal.1.dylib; sourceTree = "<group>"; };
		0201C78B1DEF50FA00AA0B24 /* Sound */ = {isa = PBXFileReference; lastKnownFileType = folder; name = Sound; path = Resources/Sound; sourceTree = "<group>"; };
		0202413D1D7C99130050E9D3 /* libboost_signals.a */ = {isa = PBXFileReference; lastKnownFileType = archive.ar; name = libboost_signals.a; path = ../../../../usr/local/lib/libboost_signals.a; sourceTree = "<group>"; };
		020604711DB7982800B6268F /* Shader */ = {isa = PBXFileReference; lastKnownFileType = folder; name = Shader; path = Resources/Shader; sourceTree = "<group>"; };
		0210045E1E4B645B00E00A24 /* SSkinnedModel.cpp */ = {isa = PBXFileReference; fileEncoding = 4; lastKnownFileType = sourcecode.cpp.cpp; name = SSkinnedModel.cpp; path = "Skinned Mesh/SSkinnedModel.cpp"; sourceTree = "<group>"; };
		0210045F1E4B645B00E00A24 /* SSkinnedModel.hpp */ = {isa = PBXFileReference; fileEncoding = 4; lastKnownFileType = sourcecode.cpp.h; name = SSkinnedModel.hpp; path = "Skinned Mesh/SSkinnedModel.hpp"; sourceTree = "<group>"; };
		025903091D77933E00EA6372 /* Spud Engine 2.app */ = {isa = PBXFileReference; explicitFileType = wrapper.application; includeInIndex = 0; path = "Spud Engine 2.app"; sourceTree = BUILT_PRODUCTS_DIR; };
		0259031E1D7793EA00EA6372 /* libboost_system.a */ = {isa = PBXFileReference; lastKnownFileType = archive.ar; name = libboost_system.a; path = /usr/local/lib/libboost_system.a; sourceTree = "<absolute>"; };
		0259031F1D7793EA00EA6372 /* libboost_thread.a */ = {isa = PBXFileReference; lastKnownFileType = archive.ar; name = libboost_thread.a; path = /usr/local/lib/libboost_thread.a; sourceTree = "<absolute>"; };
		025903211D7793EA00EA6372 /* CoreVideo.framework */ = {isa = PBXFileReference; lastKnownFileType = wrapper.framework; name = CoreVideo.framework; path = System/Library/Frameworks/CoreVideo.framework; sourceTree = SDKROOT; };
		025903221D7793EA00EA6372 /* IOKit.framework */ = {isa = PBXFileReference; lastKnownFileType = wrapper.framework; name = IOKit.framework; path = System/Library/Frameworks/IOKit.framework; sourceTree = SDKROOT; };
		025903231D7793EA00EA6372 /* Cocoa.framework */ = {isa = PBXFileReference; lastKnownFileType = wrapper.framework; name = Cocoa.framework; path = System/Library/Frameworks/Cocoa.framework; sourceTree = SDKROOT; };
		025903241D7793EA00EA6372 /* OpenGL.framework */ = {isa = PBXFileReference; lastKnownFileType = wrapper.framework; name = OpenGL.framework; path = System/Library/Frameworks/OpenGL.framework; sourceTree = SDKROOT; };
		0291EB391E46B2D40048DB92 /* SLog.cpp */ = {isa = PBXFileReference; fileEncoding = 4; lastKnownFileType = sourcecode.cpp.cpp; path = SLog.cpp; sourceTree = "<group>"; };
		0291EB3A1E46B2D40048DB92 /* SLog.hpp */ = {isa = PBXFileReference; fileEncoding = 4; lastKnownFileType = sourcecode.cpp.h; path = SLog.hpp; sourceTree = "<group>"; };
		0291EB3B1E46B2D40048DB92 /* driver.hpp */ = {isa = PBXFileReference; fileEncoding = 4; lastKnownFileType = sourcecode.cpp.h; name = driver.hpp; path = src/driver.hpp; sourceTree = "<group>"; };
		0291EB3D1E46B2D40048DB92 /* SSubsystem.hpp */ = {isa = PBXFileReference; fileEncoding = 4; lastKnownFileType = sourcecode.cpp.h; path = SSubsystem.hpp; sourceTree = "<group>"; };
		0291EB3F1E46B2D40048DB92 /* SRectPacker.cpp */ = {isa = PBXFileReference; fileEncoding = 4; lastKnownFileType = sourcecode.cpp.cpp; path = SRectPacker.cpp; sourceTree = "<group>"; };
		0291EB401E46B2D40048DB92 /* SRectPacker.hpp */ = {isa = PBXFileReference; fileEncoding = 4; lastKnownFileType = sourcecode.cpp.h; path = SRectPacker.hpp; sourceTree = "<group>"; };
		0291EB411E46B2D40048DB92 /* STime.cpp */ = {isa = PBXFileReference; fileEncoding = 4; lastKnownFileType = sourcecode.cpp.cpp; path = STime.cpp; sourceTree = "<group>"; };
		0291EB421E46B2D40048DB92 /* STime.hpp */ = {isa = PBXFileReference; fileEncoding = 4; lastKnownFileType = sourcecode.cpp.h; path = STime.hpp; sourceTree = "<group>"; };
		0291EB451E46B2D40048DB92 /* SInputSystem.cpp */ = {isa = PBXFileReference; fileEncoding = 4; lastKnownFileType = sourcecode.cpp.cpp; path = SInputSystem.cpp; sourceTree = "<group>"; };
		0291EB461E46B2D40048DB92 /* SInputSystem.hpp */ = {isa = PBXFileReference; fileEncoding = 4; lastKnownFileType = sourcecode.cpp.h; path = SInputSystem.hpp; sourceTree = "<group>"; };
		0291EB471E46B2D40048DB92 /* SEvents.h */ = {isa = PBXFileReference; fileEncoding = 4; lastKnownFileType = sourcecode.c.h; path = SEvents.h; sourceTree = "<group>"; };
		0291EB481E46B2D40048DB92 /* SEventSystem.cpp */ = {isa = PBXFileReference; fileEncoding = 4; lastKnownFileType = sourcecode.cpp.cpp; path = SEventSystem.cpp; sourceTree = "<group>"; };
		0291EB491E46B2D40048DB92 /* SEventSystem.hpp */ = {isa = PBXFileReference; fileEncoding = 4; lastKnownFileType = sourcecode.cpp.h; path = SEventSystem.hpp; sourceTree = "<group>"; };
		0291EB4B1E46B2D40048DB92 /* SFileSystem.cpp */ = {isa = PBXFileReference; fileEncoding = 4; lastKnownFileType = sourcecode.cpp.cpp; path = SFileSystem.cpp; sourceTree = "<group>"; };
		0291EB4C1E46B2D40048DB92 /* SFileSystem.hpp */ = {isa = PBXFileReference; fileEncoding = 4; lastKnownFileType = sourcecode.cpp.h; path = SFileSystem.hpp; sourceTree = "<group>"; };
		0291EB4D1E46B2D40048DB92 /* main.cpp */ = {isa = PBXFileReference; fileEncoding = 4; lastKnownFileType = sourcecode.cpp.cpp; name = main.cpp; path = src/main.cpp; sourceTree = "<group>"; };
		0291EB4F1E46B2D40048DB92 /* SCharacterController.cpp */ = {isa = PBXFileReference; fileEncoding = 4; lastKnownFileType = sourcecode.cpp.cpp; path = SCharacterController.cpp; sourceTree = "<group>"; };
		0291EB501E46B2D40048DB92 /* SCharacterController.hpp */ = {isa = PBXFileReference; fileEncoding = 4; lastKnownFileType = sourcecode.cpp.h; path = SCharacterController.hpp; sourceTree = "<group>"; };
		0291EB511E46B2D40048DB92 /* SPhysicsSystem.cpp */ = {isa = PBXFileReference; fileEncoding = 4; lastKnownFileType = sourcecode.cpp.cpp; path = SPhysicsSystem.cpp; sourceTree = "<group>"; };
		0291EB521E46B2D40048DB92 /* SPhysicsSystem.hpp */ = {isa = PBXFileReference; fileEncoding = 4; lastKnownFileType = sourcecode.cpp.h; path = SPhysicsSystem.hpp; sourceTree = "<group>"; };
		0291EB531E46B2D40048DB92 /* SRigidBody.cpp */ = {isa = PBXFileReference; fileEncoding = 4; lastKnownFileType = sourcecode.cpp.cpp; path = SRigidBody.cpp; sourceTree = "<group>"; };
		0291EB541E46B2D40048DB92 /* SRigidBody.hpp */ = {isa = PBXFileReference; fileEncoding = 4; lastKnownFileType = sourcecode.cpp.h; path = SRigidBody.hpp; sourceTree = "<group>"; };
		0291EB571E46B2D40048DB92 /* SSceneGraph.cpp */ = {isa = PBXFileReference; fileEncoding = 4; lastKnownFileType = sourcecode.cpp.cpp; path = SSceneGraph.cpp; sourceTree = "<group>"; };
		0291EB581E46B2D40048DB92 /* SSceneGraph.hpp */ = {isa = PBXFileReference; fileEncoding = 4; lastKnownFileType = sourcecode.cpp.h; path = SSceneGraph.hpp; sourceTree = "<group>"; };
		0291EB5A1E46B2D40048DB92 /* SLight.cpp */ = {isa = PBXFileReference; fileEncoding = 4; lastKnownFileType = sourcecode.cpp.cpp; path = SLight.cpp; sourceTree = "<group>"; };
		0291EB5B1E46B2D40048DB92 /* SLight.hpp */ = {isa = PBXFileReference; fileEncoding = 4; lastKnownFileType = sourcecode.cpp.h; path = SLight.hpp; sourceTree = "<group>"; };
		0291EB5C1E46B2D40048DB92 /* SLightGraph.cpp */ = {isa = PBXFileReference; fileEncoding = 4; lastKnownFileType = sourcecode.cpp.cpp; path = SLightGraph.cpp; sourceTree = "<group>"; };
		0291EB5D1E46B2D40048DB92 /* SLightGraph.hpp */ = {isa = PBXFileReference; fileEncoding = 4; lastKnownFileType = sourcecode.cpp.h; path = SLightGraph.hpp; sourceTree = "<group>"; };
		0291EB5E1E46B2D40048DB92 /* SLightingConstants.h */ = {isa = PBXFileReference; fileEncoding = 4; lastKnownFileType = sourcecode.c.h; path = SLightingConstants.h; sourceTree = "<group>"; };
		0291EB621E46B2D40048DB92 /* SStaticMeshComponent.cpp */ = {isa = PBXFileReference; fileEncoding = 4; lastKnownFileType = sourcecode.cpp.cpp; path = SStaticMeshComponent.cpp; sourceTree = "<group>"; };
		0291EB631E46B2D40048DB92 /* SStaticMeshComponent.hpp */ = {isa = PBXFileReference; fileEncoding = 4; lastKnownFileType = sourcecode.cpp.h; path = SStaticMeshComponent.hpp; sourceTree = "<group>"; };
		0291EB641E46B2D40048DB92 /* SActor.cpp */ = {isa = PBXFileReference; fileEncoding = 4; lastKnownFileType = sourcecode.cpp.cpp; path = SActor.cpp; sourceTree = "<group>"; };
		0291EB651E46B2D40048DB92 /* SActor.hpp */ = {isa = PBXFileReference; fileEncoding = 4; lastKnownFileType = sourcecode.cpp.h; path = SActor.hpp; sourceTree = "<group>"; };
		0291EB661E46B2D40048DB92 /* SComponent.cpp */ = {isa = PBXFileReference; fileEncoding = 4; lastKnownFileType = sourcecode.cpp.cpp; path = SComponent.cpp; sourceTree = "<group>"; };
		0291EB671E46B2D40048DB92 /* SComponent.hpp */ = {isa = PBXFileReference; fileEncoding = 4; lastKnownFileType = sourcecode.cpp.h; path = SComponent.hpp; sourceTree = "<group>"; };
		0291EB6A1E46B2D40048DB92 /* SObject.cpp */ = {isa = PBXFileReference; fileEncoding = 4; lastKnownFileType = sourcecode.cpp.cpp; path = SObject.cpp; sourceTree = "<group>"; };
		0291EB6B1E46B2D40048DB92 /* SObject.hpp */ = {isa = PBXFileReference; fileEncoding = 4; lastKnownFileType = sourcecode.cpp.h; path = SObject.hpp; sourceTree = "<group>"; };
		0291EB6E1E46B2D40048DB92 /* SAmbientOcclusionPass.cpp */ = {isa = PBXFileReference; fileEncoding = 4; lastKnownFileType = sourcecode.cpp.cpp; path = SAmbientOcclusionPass.cpp; sourceTree = "<group>"; };
		0291EB6F1E46B2D40048DB92 /* SAmbientOcclusionPass.hpp */ = {isa = PBXFileReference; fileEncoding = 4; lastKnownFileType = sourcecode.cpp.h; path = SAmbientOcclusionPass.hpp; sourceTree = "<group>"; };
		0291EB711E46B2D40048DB92 /* GBuffer.h */ = {isa = PBXFileReference; fileEncoding = 4; lastKnownFileType = sourcecode.c.h; path = GBuffer.h; sourceTree = "<group>"; };
		0291EB721E46B2D40048DB92 /* SDeferredRenderingPipeline.cpp */ = {isa = PBXFileReference; fileEncoding = 4; lastKnownFileType = sourcecode.cpp.cpp; path = SDeferredRenderingPipeline.cpp; sourceTree = "<group>"; };
		0291EB731E46B2D40048DB92 /* SDeferredRenderingPipeline.hpp */ = {isa = PBXFileReference; fileEncoding = 4; lastKnownFileType = sourcecode.cpp.h; path = SDeferredRenderingPipeline.hpp; sourceTree = "<group>"; };
		0291EB741E46B2D40048DB92 /* SFramebuffer.cpp */ = {isa = PBXFileReference; fileEncoding = 4; lastKnownFileType = sourcecode.cpp.cpp; path = SFramebuffer.cpp; sourceTree = "<group>"; };
		0291EB751E46B2D40048DB92 /* SFramebuffer.hpp */ = {isa = PBXFileReference; fileEncoding = 4; lastKnownFileType = sourcecode.cpp.h; path = SFramebuffer.hpp; sourceTree = "<group>"; };
		0291EB761E46B2D40048DB92 /* SRenderingPipeline.cpp */ = {isa = PBXFileReference; fileEncoding = 4; lastKnownFileType = sourcecode.cpp.cpp; path = SRenderingPipeline.cpp; sourceTree = "<group>"; };
		0291EB771E46B2D40048DB92 /* SRenderingPipeline.hpp */ = {isa = PBXFileReference; fileEncoding = 4; lastKnownFileType = sourcecode.cpp.h; path = SRenderingPipeline.hpp; sourceTree = "<group>"; };
		0291EB781E46B2D40048DB92 /* SGL.cpp */ = {isa = PBXFileReference; fileEncoding = 4; lastKnownFileType = sourcecode.cpp.cpp; path = SGL.cpp; sourceTree = "<group>"; };
		0291EB791E46B2D40048DB92 /* SGL.hpp */ = {isa = PBXFileReference; fileEncoding = 4; lastKnownFileType = sourcecode.cpp.h; path = SGL.hpp; sourceTree = "<group>"; };
		0291EB7A1E46B2D40048DB92 /* SRenderSystem.cpp */ = {isa = PBXFileReference; fileEncoding = 4; lastKnownFileType = sourcecode.cpp.cpp; path = SRenderSystem.cpp; sourceTree = "<group>"; };
		0291EB7B1E46B2D40048DB92 /* SRenderSystem.hpp */ = {isa = PBXFileReference; fileEncoding = 4; lastKnownFileType = sourcecode.cpp.h; path = SRenderSystem.hpp; sourceTree = "<group>"; };
		0291EB7D1E46B2D40048DB92 /* SBoundingBox.cpp */ = {isa = PBXFileReference; fileEncoding = 4; lastKnownFileType = sourcecode.cpp.cpp; path = SBoundingBox.cpp; sourceTree = "<group>"; };
		0291EB7E1E46B2D40048DB92 /* SBoundingBox.hpp */ = {isa = PBXFileReference; fileEncoding = 4; lastKnownFileType = sourcecode.cpp.h; path = SBoundingBox.hpp; sourceTree = "<group>"; };
		0291EB7F1E46B2D40048DB92 /* SCamera.cpp */ = {isa = PBXFileReference; fileEncoding = 4; lastKnownFileType = sourcecode.cpp.cpp; path = SCamera.cpp; sourceTree = "<group>"; };
		0291EB801E46B2D40048DB92 /* SCamera.hpp */ = {isa = PBXFileReference; fileEncoding = 4; lastKnownFileType = sourcecode.cpp.h; path = SCamera.hpp; sourceTree = "<group>"; };
		0291EB841E46B2D40048DB92 /* SCubeMap.cpp */ = {isa = PBXFileReference; fileEncoding = 4; lastKnownFileType = sourcecode.cpp.cpp; path = SCubeMap.cpp; sourceTree = "<group>"; };
		0291EB851E46B2D40048DB92 /* SCubeMap.hpp */ = {isa = PBXFileReference; fileEncoding = 4; lastKnownFileType = sourcecode.cpp.h; path = SCubeMap.hpp; sourceTree = "<group>"; };
		0291EB861E46B2D40048DB92 /* SCursor.cpp */ = {isa = PBXFileReference; fileEncoding = 4; lastKnownFileType = sourcecode.cpp.cpp; path = SCursor.cpp; sourceTree = "<group>"; };
		0291EB871E46B2D40048DB92 /* SCursor.hpp */ = {isa = PBXFileReference; fileEncoding = 4; lastKnownFileType = sourcecode.cpp.h; path = SCursor.hpp; sourceTree = "<group>"; };
		0291EB8A1E46B2D40048DB92 /* SGbufferShader.cpp */ = {isa = PBXFileReference; fileEncoding = 4; lastKnownFileType = sourcecode.cpp.cpp; path = SGbufferShader.cpp; sourceTree = "<group>"; };
		0291EB8B1E46B2D40048DB92 /* SGbufferShader.hpp */ = {isa = PBXFileReference; fileEncoding = 4; lastKnownFileType = sourcecode.cpp.h; path = SGbufferShader.hpp; sourceTree = "<group>"; };
		0291EB8C1E46B2D40048DB92 /* SShader.cpp */ = {isa = PBXFileReference; fileEncoding = 4; lastKnownFileType = sourcecode.cpp.cpp; path = SShader.cpp; sourceTree = "<group>"; };
		0291EB8D1E46B2D40048DB92 /* SShader.hpp */ = {isa = PBXFileReference; fileEncoding = 4; lastKnownFileType = sourcecode.cpp.h; path = SShader.hpp; sourceTree = "<group>"; };
		0291EB8E1E46B2D40048DB92 /* SUniform.cpp */ = {isa = PBXFileReference; fileEncoding = 4; lastKnownFileType = sourcecode.cpp.cpp; path = SUniform.cpp; sourceTree = "<group>"; };
		0291EB8F1E46B2D40048DB92 /* SUniform.hpp */ = {isa = PBXFileReference; fileEncoding = 4; lastKnownFileType = sourcecode.cpp.h; path = SUniform.hpp; sourceTree = "<group>"; };
		0291EB901E46B2D40048DB92 /* SMaterial.cpp */ = {isa = PBXFileReference; fileEncoding = 4; lastKnownFileType = sourcecode.cpp.cpp; path = SMaterial.cpp; sourceTree = "<group>"; };
		0291EB911E46B2D40048DB92 /* SMaterial.hpp */ = {isa = PBXFileReference; fileEncoding = 4; lastKnownFileType = sourcecode.cpp.h; path = SMaterial.hpp; sourceTree = "<group>"; };
		0291EB921E46B2D40048DB92 /* SModel.cpp */ = {isa = PBXFileReference; fileEncoding = 4; lastKnownFileType = sourcecode.cpp.cpp; path = SModel.cpp; sourceTree = "<group>"; };
		0291EB931E46B2D40048DB92 /* SModel.hpp */ = {isa = PBXFileReference; fileEncoding = 4; lastKnownFileType = sourcecode.cpp.h; path = SModel.hpp; sourceTree = "<group>"; };
		0291EB951E46B2D40048DB92 /* SStaticMesh.cpp */ = {isa = PBXFileReference; fileEncoding = 4; lastKnownFileType = sourcecode.cpp.cpp; path = SStaticMesh.cpp; sourceTree = "<group>"; };
		0291EB961E46B2D40048DB92 /* SStaticMesh.hpp */ = {isa = PBXFileReference; fileEncoding = 4; lastKnownFileType = sourcecode.cpp.h; path = SStaticMesh.hpp; sourceTree = "<group>"; };
		0291EB971E46B2D40048DB92 /* STexture.cpp */ = {isa = PBXFileReference; fileEncoding = 4; lastKnownFileType = sourcecode.cpp.cpp; path = STexture.cpp; sourceTree = "<group>"; };
		0291EB981E46B2D40048DB92 /* STexture.hpp */ = {isa = PBXFileReference; fileEncoding = 4; lastKnownFileType = sourcecode.cpp.h; path = STexture.hpp; sourceTree = "<group>"; };
		0291EB9A1E46B2D50048DB92 /* SSound.cpp */ = {isa = PBXFileReference; fileEncoding = 4; lastKnownFileType = sourcecode.cpp.cpp; path = SSound.cpp; sourceTree = "<group>"; };
		0291EB9B1E46B2D50048DB92 /* SSound.hpp */ = {isa = PBXFileReference; fileEncoding = 4; lastKnownFileType = sourcecode.cpp.h; path = SSound.hpp; sourceTree = "<group>"; };
		0291EB9C1E46B2D50048DB92 /* SGLUpload.cpp */ = {isa = PBXFileReference; fileEncoding = 4; lastKnownFileType = sourcecode.cpp.cpp; path = SGLUpload.cpp; sourceTree = "<group>"; };
		0291EB9D1E46B2D50048DB92 /* SGLUpload.hpp */ = {isa = PBXFileReference; fileEncoding = 4; lastKnownFileType = sourcecode.cpp.h; path = SGLUpload.hpp; sourceTree = "<group>"; };
		0291EB9E1E46B2D50048DB92 /* SHotLoadSystem.cpp */ = {isa = PBXFileReference; fileEncoding = 4; lastKnownFileType = sourcecode.cpp.cpp; path = SHotLoadSystem.cpp; sourceTree = "<group>"; };
		0291EB9F1E46B2D50048DB92 /* SHotLoadSystem.hpp */ = {isa = PBXFileReference; fileEncoding = 4; lastKnownFileType = sourcecode.cpp.h; path = SHotLoadSystem.hpp; sourceTree = "<group>"; };
		0291EBA01E46B2D50048DB92 /* SResourceManager.cpp */ = {isa = PBXFileReference; fileEncoding = 4; lastKnownFileType = sourcecode.cpp.cpp; path = SResourceManager.cpp; sourceTree = "<group>"; };
		0291EBA11E46B2D50048DB92 /* SResourceManager.hpp */ = {isa = PBXFileReference; fileEncoding = 4; lastKnownFileType = sourcecode.cpp.h; path = SResourceManager.hpp; sourceTree = "<group>"; };
		0291EBA21E46B2D50048DB92 /* SMainLoop.cpp */ = {isa = PBXFileReference; fileEncoding = 4; lastKnownFileType = sourcecode.cpp.cpp; name = SMainLoop.cpp; path = src/SMainLoop.cpp; sourceTree = "<group>"; };
		0291EBA31E46B2D50048DB92 /* SMainLoop.hpp */ = {isa = PBXFileReference; fileEncoding = 4; lastKnownFileType = sourcecode.cpp.h; name = SMainLoop.hpp; path = src/SMainLoop.hpp; sourceTree = "<group>"; };
		0291EBA51E46B2D50048DB92 /* SSoundEmitter.cpp */ = {isa = PBXFileReference; fileEncoding = 4; lastKnownFileType = sourcecode.cpp.cpp; path = SSoundEmitter.cpp; sourceTree = "<group>"; };
		0291EBA61E46B2D50048DB92 /* SSoundEmitter.hpp */ = {isa = PBXFileReference; fileEncoding = 4; lastKnownFileType = sourcecode.cpp.h; path = SSoundEmitter.hpp; sourceTree = "<group>"; };
		0291EBA71E46B2D50048DB92 /* SSoundSystem.cpp */ = {isa = PBXFileReference; fileEncoding = 4; lastKnownFileType = sourcecode.cpp.cpp; path = SSoundSystem.cpp; sourceTree = "<group>"; };
		0291EBA81E46B2D50048DB92 /* SSoundSystem.hpp */ = {isa = PBXFileReference; fileEncoding = 4; lastKnownFileType = sourcecode.cpp.h; path = SSoundSystem.hpp; sourceTree = "<group>"; };
		0291EBAB1E46B2D50048DB92 /* SConsole.cpp */ = {isa = PBXFileReference; fileEncoding = 4; lastKnownFileType = sourcecode.cpp.cpp; path = SConsole.cpp; sourceTree = "<group>"; };
		0291EBAC1E46B2D50048DB92 /* SConsole.hpp */ = {isa = PBXFileReference; fileEncoding = 4; lastKnownFileType = sourcecode.cpp.h; path = SConsole.hpp; sourceTree = "<group>"; };
		0291EBAD1E46B2D50048DB92 /* SUI.cpp */ = {isa = PBXFileReference; fileEncoding = 4; lastKnownFileType = sourcecode.cpp.cpp; path = SUI.cpp; sourceTree = "<group>"; };
		0291EBAE1E46B2D50048DB92 /* SUI.hpp */ = {isa = PBXFileReference; fileEncoding = 4; lastKnownFileType = sourcecode.cpp.h; path = SUI.hpp; sourceTree = "<group>"; };
		0291EBB01E46B2D50048DB92 /* SFont.cpp */ = {isa = PBXFileReference; fileEncoding = 4; lastKnownFileType = sourcecode.cpp.cpp; path = SFont.cpp; sourceTree = "<group>"; };
		0291EBB11E46B2D50048DB92 /* SFont.hpp */ = {isa = PBXFileReference; fileEncoding = 4; lastKnownFileType = sourcecode.cpp.h; path = SFont.hpp; sourceTree = "<group>"; };
		0291EBB21E46B2D50048DB92 /* STextRenderer.cpp */ = {isa = PBXFileReference; fileEncoding = 4; lastKnownFileType = sourcecode.cpp.cpp; path = STextRenderer.cpp; sourceTree = "<group>"; };
		0291EBB31E46B2D50048DB92 /* STextRenderer.hpp */ = {isa = PBXFileReference; fileEncoding = 4; lastKnownFileType = sourcecode.cpp.h; path = STextRenderer.hpp; sourceTree = "<group>"; };
		0291EBB51E46B2D50048DB92 /* SUIButton.cpp */ = {isa = PBXFileReference; fileEncoding = 4; lastKnownFileType = sourcecode.cpp.cpp; path = SUIButton.cpp; sourceTree = "<group>"; };
		0291EBB61E46B2D50048DB92 /* SUIButton.hpp */ = {isa = PBXFileReference; fileEncoding = 4; lastKnownFileType = sourcecode.cpp.h; path = SUIButton.hpp; sourceTree = "<group>"; };
		0291EBB71E46B2D50048DB92 /* SUITextField.cpp */ = {isa = PBXFileReference; fileEncoding = 4; lastKnownFileType = sourcecode.cpp.cpp; path = SUITextField.cpp; sourceTree = "<group>"; };
		0291EBB81E46B2D50048DB92 /* SUITextField.hpp */ = {isa = PBXFileReference; fileEncoding = 4; lastKnownFileType = sourcecode.cpp.h; path = SUITextField.hpp; sourceTree = "<group>"; };
		0291EBB91E46B2D50048DB92 /* SUIWidget.hpp */ = {isa = PBXFileReference; fileEncoding = 4; lastKnownFileType = sourcecode.cpp.h; path = SUIWidget.hpp; sourceTree = "<group>"; };
		029865841D84771A005EED43 /* Material */ = {isa = PBXFileReference; lastKnownFileType = folder; name = Material; path = Resources/Material; sourceTree = "<group>"; };
		029865971D84AD4D005EED43 /* Model */ = {isa = PBXFileReference; lastKnownFileType = folder; name = Model; path = Resources/Model; sourceTree = "<group>"; };
		0298659A1D84C38D005EED43 /* Texture */ = {isa = PBXFileReference; lastKnownFileType = folder; name = Texture; path = Resources/Texture; sourceTree = "<group>"; };
		02B6B7DC1DDB399B0068FCBA /* Font */ = {isa = PBXFileReference; lastKnownFileType = folder; name = Font; path = Resources/Font; sourceTree = "<group>"; };
		02B9A95C1E4F7BB500A21784 /* SDeferredTileController.cpp */ = {isa = PBXFileReference; fileEncoding = 4; lastKnownFileType = sourcecode.cpp.cpp; name = SDeferredTileController.cpp; path = ../../Light/SDeferredTileController.cpp; sourceTree = "<group>"; };
		02B9A95D1E4F7BB500A21784 /* SDeferredTileController.hpp */ = {isa = PBXFileReference; fileEncoding = 4; lastKnownFileType = sourcecode.cpp.h; name = SDeferredTileController.hpp; path = ../../Light/SDeferredTileController.hpp; sourceTree = "<group>"; };
		02BD752D1E2B32F500593C11 /* libglfw3.a */ = {isa = PBXFileReference; lastKnownFileType = archive.ar; name = libglfw3.a; path = GLFW/lib/libglfw3.a; sourceTree = "<group>"; };
		02BE01441E4CD3480031DD19 /* SAnimation.cpp */ = {isa = PBXFileReference; fileEncoding = 4; lastKnownFileType = sourcecode.cpp.cpp; path = SAnimation.cpp; sourceTree = "<group>"; };
		02BE01451E4CD3480031DD19 /* SAnimation.hpp */ = {isa = PBXFileReference; fileEncoding = 4; lastKnownFileType = sourcecode.cpp.h; path = SAnimation.hpp; sourceTree = "<group>"; };
		02E7FC821DB545D600955052 /* libfreeimage.a */ = {isa = PBXFileReference; lastKnownFileType = archive.ar; name = libfreeimage.a; path = FreeImage/lib/libfreeimage.a; sourceTree = "<group>"; };
		02F6D8F31E0C16F100D78D80 /* libLowLevel.a */ = {isa = PBXFileReference; lastKnownFileType = archive.ar; name = libLowLevel.a; path = PhysX/lib/libLowLevel.a; sourceTree = "<group>"; };
		02F6D8F41E0C16F100D78D80 /* libLowLevelCloth.a */ = {isa = PBXFileReference; lastKnownFileType = archive.ar; name = libLowLevelCloth.a; path = PhysX/lib/libLowLevelCloth.a; sourceTree = "<group>"; };
		02F6D8F51E0C16F100D78D80 /* libPhysX3.a */ = {isa = PBXFileReference; lastKnownFileType = archive.ar; name = libPhysX3.a; path = PhysX/lib/libPhysX3.a; sourceTree = "<group>"; };
		02F6D8F61E0C16F100D78D80 /* libPhysX3CharacterKinematic.a */ = {isa = PBXFileReference; lastKnownFileType = archive.ar; name = libPhysX3CharacterKinematic.a; path = PhysX/lib/libPhysX3CharacterKinematic.a; sourceTree = "<group>"; };
		02F6D8F71E0C16F100D78D80 /* libPhysX3Common.a */ = {isa = PBXFileReference; lastKnownFileType = archive.ar; name = libPhysX3Common.a; path = PhysX/lib/libPhysX3Common.a; sourceTree = "<group>"; };
		02F6D8F81E0C16F100D78D80 /* libPhysX3Cooking.a */ = {isa = PBXFileReference; lastKnownFileType = archive.ar; name = libPhysX3Cooking.a; path = PhysX/lib/libPhysX3Cooking.a; sourceTree = "<group>"; };
		02F6D8F91E0C16F100D78D80 /* libPhysX3Extensions.a */ = {isa = PBXFileReference; lastKnownFileType = archive.ar; name = libPhysX3Extensions.a; path = PhysX/lib/libPhysX3Extensions.a; sourceTree = "<group>"; };
		02F6D8FA1E0C16F100D78D80 /* libPhysX3Vehicle.a */ = {isa = PBXFileReference; lastKnownFileType = archive.ar; name = libPhysX3Vehicle.a; path = PhysX/lib/libPhysX3Vehicle.a; sourceTree = "<group>"; };
		02F6D8FB1E0C16F100D78D80 /* libPhysXProfileSDK.a */ = {isa = PBXFileReference; lastKnownFileType = archive.ar; name = libPhysXProfileSDK.a; path = PhysX/lib/libPhysXProfileSDK.a; sourceTree = "<group>"; };
		02F6D8FC1E0C16F100D78D80 /* libPhysXVisualDebuggerSDK.a */ = {isa = PBXFileReference; lastKnownFileType = archive.ar; name = libPhysXVisualDebuggerSDK.a; path = PhysX/lib/libPhysXVisualDebuggerSDK.a; sourceTree = "<group>"; };
		02F6D8FD1E0C16F100D78D80 /* libPvdRuntime.a */ = {isa = PBXFileReference; lastKnownFileType = archive.ar; name = libPvdRuntime.a; path = PhysX/lib/libPvdRuntime.a; sourceTree = "<group>"; };
		02F6D8FE1E0C16F100D78D80 /* libPxTask.a */ = {isa = PBXFileReference; lastKnownFileType = archive.ar; name = libPxTask.a; path = PhysX/lib/libPxTask.a; sourceTree = "<group>"; };
		02F6D8FF1E0C16F100D78D80 /* libSceneQuery.a */ = {isa = PBXFileReference; lastKnownFileType = archive.ar; name = libSceneQuery.a; path = PhysX/lib/libSceneQuery.a; sourceTree = "<group>"; };
		02F6D9001E0C16F100D78D80 /* libSimulationController.a */ = {isa = PBXFileReference; lastKnownFileType = archive.ar; name = libSimulationController.a; path = PhysX/lib/libSimulationController.a; sourceTree = "<group>"; };
/* End PBXFileReference section */

/* Begin PBXFrameworksBuildPhase section */
		025903061D77933E00EA6372 /* Frameworks */ = {
			isa = PBXFrameworksBuildPhase;
			buildActionMask = 2147483647;
			files = (
				02F6D9031E0C16F100D78D80 /* libPhysX3.a in Frameworks */,
				02F6D9051E0C16F100D78D80 /* libPhysX3Common.a in Frameworks */,
				02F6D9081E0C16F100D78D80 /* libPhysX3Vehicle.a in Frameworks */,
				02F6D90B1E0C16F100D78D80 /* libPvdRuntime.a in Frameworks */,
				02F6D9071E0C16F100D78D80 /* libPhysX3Extensions.a in Frameworks */,
				02F6D9021E0C16F100D78D80 /* libLowLevelCloth.a in Frameworks */,
				02F6D9091E0C16F100D78D80 /* libPhysXProfileSDK.a in Frameworks */,
				02F6D9041E0C16F100D78D80 /* libPhysX3CharacterKinematic.a in Frameworks */,
				02F6D9061E0C16F100D78D80 /* libPhysX3Cooking.a in Frameworks */,
				02F6D90A1E0C16F100D78D80 /* libPhysXVisualDebuggerSDK.a in Frameworks */,
				02BD752E1E2B32F500593C11 /* libglfw3.a in Frameworks */,
				02F6D90D1E0C16F100D78D80 /* libSceneQuery.a in Frameworks */,
				02F6D90C1E0C16F100D78D80 /* libPxTask.a in Frameworks */,
				0259032A1D7793EA00EA6372 /* Cocoa.framework in Frameworks */,
				0259032B1D7793EA00EA6372 /* OpenGL.framework in Frameworks */,
				025903291D7793EA00EA6372 /* IOKit.framework in Frameworks */,
				025903251D7793EA00EA6372 /* libboost_system.a in Frameworks */,
				025903261D7793EA00EA6372 /* libboost_thread.a in Frameworks */,
				0202413E1D7C99130050E9D3 /* libboost_signals.a in Frameworks */,
				0201C77F1DEF4A9A00AA0B24 /* libopenal.1.dylib in Frameworks */,
				02E7FC831DB545D600955052 /* libfreeimage.a in Frameworks */,
				025903281D7793EA00EA6372 /* CoreVideo.framework in Frameworks */,
				02F6D90E1E0C16F100D78D80 /* libSimulationController.a in Frameworks */,
				02F6D9011E0C16F100D78D80 /* libLowLevel.a in Frameworks */,
			);
			runOnlyForDeploymentPostprocessing = 0;
		};
/* End PBXFrameworksBuildPhase section */

/* Begin PBXGroup section */
		0210045D1E4B621C00E00A24 /* Skinned Mesh */ = {
			isa = PBXGroup;
			children = (
				0200D1A71E4C24E700FE128D /* SSkinnedMesh.cpp */,
				0200D1A81E4C24E700FE128D /* SSkinnedMesh.hpp */,
				0210045E1E4B645B00E00A24 /* SSkinnedModel.cpp */,
				0210045F1E4B645B00E00A24 /* SSkinnedModel.hpp */,
				02BE01441E4CD3480031DD19 /* SAnimation.cpp */,
				02BE01451E4CD3480031DD19 /* SAnimation.hpp */,
			);
			name = "Skinned Mesh";
			sourceTree = "<group>";
		};
		025903001D77933E00EA6372 = {
			isa = PBXGroup;
			children = (
				025CB5A61D83D6AE0059AF6C /* Resources */,
				0259031D1D7793CF00EA6372 /* Libraries */,
				0291EB371E46B2D40048DB92 /* src */,
				0291EB3B1E46B2D40048DB92 /* driver.hpp */,
				0291EBA21E46B2D50048DB92 /* SMainLoop.cpp */,
				0291EBA31E46B2D50048DB92 /* SMainLoop.hpp */,
				0291EB4D1E46B2D40048DB92 /* main.cpp */,
				0259030A1D77933E00EA6372 /* Products */,
			);
			sourceTree = "<group>";
		};
		0259030A1D77933E00EA6372 /* Products */ = {
			isa = PBXGroup;
			children = (
				025903091D77933E00EA6372 /* Spud Engine 2.app */,
			);
			name = Products;
			sourceTree = "<group>";
		};
		0259031D1D7793CF00EA6372 /* Libraries */ = {
			isa = PBXGroup;
			children = (
				0201C77E1DEF4A9A00AA0B24 /* libopenal.1.dylib */,
				02E7FC821DB545D600955052 /* libfreeimage.a */,
				02F6D8EA1E0C135200D78D80 /* PhysX */,
				025903391D7794EC00EA6372 /* Boost */,
				0259033A1D7794F400EA6372 /* GLFW */,
			);
			name = Libraries;
			sourceTree = "<group>";
		};
		025903391D7794EC00EA6372 /* Boost */ = {
			isa = PBXGroup;
			children = (
				0202413D1D7C99130050E9D3 /* libboost_signals.a */,
				0259031E1D7793EA00EA6372 /* libboost_system.a */,
				0259031F1D7793EA00EA6372 /* libboost_thread.a */,
			);
			name = Boost;
			sourceTree = "<group>";
		};
		0259033A1D7794F400EA6372 /* GLFW */ = {
			isa = PBXGroup;
			children = (
				02BD752D1E2B32F500593C11 /* libglfw3.a */,
				025903211D7793EA00EA6372 /* CoreVideo.framework */,
				025903221D7793EA00EA6372 /* IOKit.framework */,
				025903231D7793EA00EA6372 /* Cocoa.framework */,
				025903241D7793EA00EA6372 /* OpenGL.framework */,
			);
			name = GLFW;
			sourceTree = "<group>";
		};
		025CB5A61D83D6AE0059AF6C /* Resources */ = {
			isa = PBXGroup;
			children = (
				02B6B7DC1DDB399B0068FCBA /* Font */,
				0298659A1D84C38D005EED43 /* Texture */,
				029865841D84771A005EED43 /* Material */,
				020604711DB7982800B6268F /* Shader */,
				0201C78B1DEF50FA00AA0B24 /* Sound */,
				029865971D84AD4D005EED43 /* Model */,
			);
			name = Resources;
			sourceTree = "<group>";
		};
		0291EB371E46B2D40048DB92 /* src */ = {
			isa = PBXGroup;
			children = (
				0291EB381E46B2D40048DB92 /* Debug */,
				0291EB3C1E46B2D40048DB92 /* Engine */,
				0291EB431E46B2D40048DB92 /* Event */,
				0291EB4A1E46B2D40048DB92 /* File */,
				0291EB4E1E46B2D40048DB92 /* Physics */,
				0291EB551E46B2D40048DB92 /* Rendering */,
				0291EB811E46B2D40048DB92 /* Resource */,
				0291EBA41E46B2D50048DB92 /* Sound */,
				0291EBA91E46B2D50048DB92 /* UI */,
			);
			path = src;
			sourceTree = "<group>";
		};
		0291EB381E46B2D40048DB92 /* Debug */ = {
			isa = PBXGroup;
			children = (
				0291EB391E46B2D40048DB92 /* SLog.cpp */,
				0291EB3A1E46B2D40048DB92 /* SLog.hpp */,
			);
			path = Debug;
			sourceTree = "<group>";
		};
		0291EB3C1E46B2D40048DB92 /* Engine */ = {
			isa = PBXGroup;
			children = (
				0291EB3E1E46B2D40048DB92 /* Utility */,
				0291EB3D1E46B2D40048DB92 /* SSubsystem.hpp */,
			);
			path = Engine;
			sourceTree = "<group>";
		};
		0291EB3E1E46B2D40048DB92 /* Utility */ = {
			isa = PBXGroup;
			children = (
				0291EB3F1E46B2D40048DB92 /* SRectPacker.cpp */,
				0291EB401E46B2D40048DB92 /* SRectPacker.hpp */,
				0291EB411E46B2D40048DB92 /* STime.cpp */,
				0291EB421E46B2D40048DB92 /* STime.hpp */,
			);
			path = Utility;
			sourceTree = "<group>";
		};
		0291EB431E46B2D40048DB92 /* Event */ = {
			isa = PBXGroup;
			children = (
				0291EB441E46B2D40048DB92 /* Input */,
				0291EB471E46B2D40048DB92 /* SEvents.h */,
				0291EB481E46B2D40048DB92 /* SEventSystem.cpp */,
				0291EB491E46B2D40048DB92 /* SEventSystem.hpp */,
			);
			path = Event;
			sourceTree = "<group>";
		};
		0291EB441E46B2D40048DB92 /* Input */ = {
			isa = PBXGroup;
			children = (
				0291EB451E46B2D40048DB92 /* SInputSystem.cpp */,
				0291EB461E46B2D40048DB92 /* SInputSystem.hpp */,
			);
			path = Input;
			sourceTree = "<group>";
		};
		0291EB4A1E46B2D40048DB92 /* File */ = {
			isa = PBXGroup;
			children = (
				0291EB4B1E46B2D40048DB92 /* SFileSystem.cpp */,
				0291EB4C1E46B2D40048DB92 /* SFileSystem.hpp */,
			);
			path = File;
			sourceTree = "<group>";
		};
		0291EB4E1E46B2D40048DB92 /* Physics */ = {
			isa = PBXGroup;
			children = (
				0291EB4F1E46B2D40048DB92 /* SCharacterController.cpp */,
				0291EB501E46B2D40048DB92 /* SCharacterController.hpp */,
				0291EB511E46B2D40048DB92 /* SPhysicsSystem.cpp */,
				0291EB521E46B2D40048DB92 /* SPhysicsSystem.hpp */,
				0291EB531E46B2D40048DB92 /* SRigidBody.cpp */,
				0291EB541E46B2D40048DB92 /* SRigidBody.hpp */,
			);
			path = Physics;
			sourceTree = "<group>";
		};
		0291EB551E46B2D40048DB92 /* Rendering */ = {
			isa = PBXGroup;
			children = (
				0291EB561E46B2D40048DB92 /* Level */,
				0291EB591E46B2D40048DB92 /* Light */,
				0291EB5F1E46B2D40048DB92 /* Objects */,
				0291EB6C1E46B2D40048DB92 /* Pipeline */,
				0291EB781E46B2D40048DB92 /* SGL.cpp */,
				0291EB791E46B2D40048DB92 /* SGL.hpp */,
				0291EB7A1E46B2D40048DB92 /* SRenderSystem.cpp */,
				0291EB7B1E46B2D40048DB92 /* SRenderSystem.hpp */,
				0291EB7C1E46B2D40048DB92 /* Utility */,
			);
			path = Rendering;
			sourceTree = "<group>";
		};
		0291EB561E46B2D40048DB92 /* Level */ = {
			isa = PBXGroup;
			children = (
				0291EB571E46B2D40048DB92 /* SSceneGraph.cpp */,
				0291EB581E46B2D40048DB92 /* SSceneGraph.hpp */,
			);
			path = Level;
			sourceTree = "<group>";
		};
		0291EB591E46B2D40048DB92 /* Light */ = {
			isa = PBXGroup;
			children = (
				0291EB5A1E46B2D40048DB92 /* SLight.cpp */,
				0291EB5B1E46B2D40048DB92 /* SLight.hpp */,
				0291EB5C1E46B2D40048DB92 /* SLightGraph.cpp */,
				0291EB5D1E46B2D40048DB92 /* SLightGraph.hpp */,
				0291EB5E1E46B2D40048DB92 /* SLightingConstants.h */,
			);
			path = Light;
			sourceTree = "<group>";
		};
		0291EB5F1E46B2D40048DB92 /* Objects */ = {
			isa = PBXGroup;
			children = (
				0291EB601E46B2D40048DB92 /* Component Based */,
				0291EB6A1E46B2D40048DB92 /* SObject.cpp */,
				0291EB6B1E46B2D40048DB92 /* SObject.hpp */,
			);
			path = Objects;
			sourceTree = "<group>";
		};
		0291EB601E46B2D40048DB92 /* Component Based */ = {
			isa = PBXGroup;
			children = (
				0291EB611E46B2D40048DB92 /* Components */,
				0291EB641E46B2D40048DB92 /* SActor.cpp */,
				0291EB651E46B2D40048DB92 /* SActor.hpp */,
				0291EB661E46B2D40048DB92 /* SComponent.cpp */,
				0291EB671E46B2D40048DB92 /* SComponent.hpp */,
			);
			path = "Component Based";
			sourceTree = "<group>";
		};
		0291EB611E46B2D40048DB92 /* Components */ = {
			isa = PBXGroup;
			children = (
				0291EB621E46B2D40048DB92 /* SStaticMeshComponent.cpp */,
				0291EB631E46B2D40048DB92 /* SStaticMeshComponent.hpp */,
			);
			path = Components;
			sourceTree = "<group>";
		};
		0291EB6C1E46B2D40048DB92 /* Pipeline */ = {
			isa = PBXGroup;
			children = (
				0291EB6D1E46B2D40048DB92 /* Effects */,
				0291EB701E46B2D40048DB92 /* Renderers */,
				0291EB741E46B2D40048DB92 /* SFramebuffer.cpp */,
				0291EB751E46B2D40048DB92 /* SFramebuffer.hpp */,
				0291EB761E46B2D40048DB92 /* SRenderingPipeline.cpp */,
				0291EB771E46B2D40048DB92 /* SRenderingPipeline.hpp */,
			);
			path = Pipeline;
			sourceTree = "<group>";
		};
		0291EB6D1E46B2D40048DB92 /* Effects */ = {
			isa = PBXGroup;
			children = (
				0291EB6E1E46B2D40048DB92 /* SAmbientOcclusionPass.cpp */,
				0291EB6F1E46B2D40048DB92 /* SAmbientOcclusionPass.hpp */,
			);
			path = Effects;
			sourceTree = "<group>";
		};
		0291EB701E46B2D40048DB92 /* Renderers */ = {
			isa = PBXGroup;
			children = (
				0291EB711E46B2D40048DB92 /* GBuffer.h */,
				0291EB721E46B2D40048DB92 /* SDeferredRenderingPipeline.cpp */,
				0291EB731E46B2D40048DB92 /* SDeferredRenderingPipeline.hpp */,
				02B9A95C1E4F7BB500A21784 /* SDeferredTileController.cpp */,
				02B9A95D1E4F7BB500A21784 /* SDeferredTileController.hpp */,
			);
			path = Renderers;
			sourceTree = "<group>";
		};
		0291EB7C1E46B2D40048DB92 /* Utility */ = {
			isa = PBXGroup;
			children = (
				0291EB7D1E46B2D40048DB92 /* SBoundingBox.cpp */,
				0291EB7E1E46B2D40048DB92 /* SBoundingBox.hpp */,
				0291EB7F1E46B2D40048DB92 /* SCamera.cpp */,
				0291EB801E46B2D40048DB92 /* SCamera.hpp */,
			);
			path = Utility;
			sourceTree = "<group>";
		};
		0291EB811E46B2D40048DB92 /* Resource */ = {
			isa = PBXGroup;
			children = (
				0291EB821E46B2D40048DB92 /* Resources */,
				0291EB9C1E46B2D50048DB92 /* SGLUpload.cpp */,
				0291EB9D1E46B2D50048DB92 /* SGLUpload.hpp */,
				0291EB9E1E46B2D50048DB92 /* SHotLoadSystem.cpp */,
				0291EB9F1E46B2D50048DB92 /* SHotLoadSystem.hpp */,
				0291EBA01E46B2D50048DB92 /* SResourceManager.cpp */,
				0291EBA11E46B2D50048DB92 /* SResourceManager.hpp */,
			);
			path = Resource;
			sourceTree = "<group>";
		};
		0291EB821E46B2D40048DB92 /* Resources */ = {
			isa = PBXGroup;
			children = (
				0291EB831E46B2D40048DB92 /* Rendering */,
				0291EB991E46B2D50048DB92 /* Sound */,
			);
			path = Resources;
			sourceTree = "<group>";
		};
		0291EB831E46B2D40048DB92 /* Rendering */ = {
			isa = PBXGroup;
			children = (
				0210045D1E4B621C00E00A24 /* Skinned Mesh */,
				0291EB941E46B2D40048DB92 /* Static Mesh */,
				0291EB881E46B2D40048DB92 /* Shader */,
				0291EB841E46B2D40048DB92 /* SCubeMap.cpp */,
				0291EB851E46B2D40048DB92 /* SCubeMap.hpp */,
				0291EB861E46B2D40048DB92 /* SCursor.cpp */,
				0291EB871E46B2D40048DB92 /* SCursor.hpp */,
				0291EB901E46B2D40048DB92 /* SMaterial.cpp */,
				0291EB911E46B2D40048DB92 /* SMaterial.hpp */,
				0291EB921E46B2D40048DB92 /* SModel.cpp */,
				0291EB931E46B2D40048DB92 /* SModel.hpp */,
				0291EB971E46B2D40048DB92 /* STexture.cpp */,
				0291EB981E46B2D40048DB92 /* STexture.hpp */,
			);
			path = Rendering;
			sourceTree = "<group>";
		};
		0291EB881E46B2D40048DB92 /* Shader */ = {
			isa = PBXGroup;
			children = (
				0291EB891E46B2D40048DB92 /* Gbuffer */,
				0291EB8C1E46B2D40048DB92 /* SShader.cpp */,
				0291EB8D1E46B2D40048DB92 /* SShader.hpp */,
				0291EB8E1E46B2D40048DB92 /* SUniform.cpp */,
				0291EB8F1E46B2D40048DB92 /* SUniform.hpp */,
			);
			path = Shader;
			sourceTree = "<group>";
		};
		0291EB891E46B2D40048DB92 /* Gbuffer */ = {
			isa = PBXGroup;
			children = (
				0291EB8A1E46B2D40048DB92 /* SGbufferShader.cpp */,
				0291EB8B1E46B2D40048DB92 /* SGbufferShader.hpp */,
			);
			path = Gbuffer;
			sourceTree = "<group>";
		};
		0291EB941E46B2D40048DB92 /* Static Mesh */ = {
			isa = PBXGroup;
			children = (
				0291EB951E46B2D40048DB92 /* SStaticMesh.cpp */,
				0291EB961E46B2D40048DB92 /* SStaticMesh.hpp */,
			);
			path = "Static Mesh";
			sourceTree = "<group>";
		};
		0291EB991E46B2D50048DB92 /* Sound */ = {
			isa = PBXGroup;
			children = (
				0291EB9A1E46B2D50048DB92 /* SSound.cpp */,
				0291EB9B1E46B2D50048DB92 /* SSound.hpp */,
			);
			path = Sound;
			sourceTree = "<group>";
		};
		0291EBA41E46B2D50048DB92 /* Sound */ = {
			isa = PBXGroup;
			children = (
				0291EBA51E46B2D50048DB92 /* SSoundEmitter.cpp */,
				0291EBA61E46B2D50048DB92 /* SSoundEmitter.hpp */,
				0291EBA71E46B2D50048DB92 /* SSoundSystem.cpp */,
				0291EBA81E46B2D50048DB92 /* SSoundSystem.hpp */,
			);
			path = Sound;
			sourceTree = "<group>";
		};
		0291EBA91E46B2D50048DB92 /* UI */ = {
			isa = PBXGroup;
			children = (
				0291EBAA1E46B2D50048DB92 /* Console */,
				0291EBAF1E46B2D50048DB92 /* Text */,
				0291EBB41E46B2D50048DB92 /* Widget */,
				0291EBAD1E46B2D50048DB92 /* SUI.cpp */,
				0291EBAE1E46B2D50048DB92 /* SUI.hpp */,
			);
			path = UI;
			sourceTree = "<group>";
		};
		0291EBAA1E46B2D50048DB92 /* Console */ = {
			isa = PBXGroup;
			children = (
				0291EBAB1E46B2D50048DB92 /* SConsole.cpp */,
				0291EBAC1E46B2D50048DB92 /* SConsole.hpp */,
			);
			path = Console;
			sourceTree = "<group>";
		};
		0291EBAF1E46B2D50048DB92 /* Text */ = {
			isa = PBXGroup;
			children = (
				0291EBB01E46B2D50048DB92 /* SFont.cpp */,
				0291EBB11E46B2D50048DB92 /* SFont.hpp */,
				0291EBB21E46B2D50048DB92 /* STextRenderer.cpp */,
				0291EBB31E46B2D50048DB92 /* STextRenderer.hpp */,
			);
			path = Text;
			sourceTree = "<group>";
		};
		0291EBB41E46B2D50048DB92 /* Widget */ = {
			isa = PBXGroup;
			children = (
				0291EBB51E46B2D50048DB92 /* SUIButton.cpp */,
				0291EBB61E46B2D50048DB92 /* SUIButton.hpp */,
				0291EBB71E46B2D50048DB92 /* SUITextField.cpp */,
				0291EBB81E46B2D50048DB92 /* SUITextField.hpp */,
				0291EBB91E46B2D50048DB92 /* SUIWidget.hpp */,
			);
			path = Widget;
			sourceTree = "<group>";
		};
		02F6D8EA1E0C135200D78D80 /* PhysX */ = {
			isa = PBXGroup;
			children = (
				02F6D8F31E0C16F100D78D80 /* libLowLevel.a */,
				02F6D8F41E0C16F100D78D80 /* libLowLevelCloth.a */,
				02F6D8F51E0C16F100D78D80 /* libPhysX3.a */,
				02F6D8F61E0C16F100D78D80 /* libPhysX3CharacterKinematic.a */,
				02F6D8F71E0C16F100D78D80 /* libPhysX3Common.a */,
				02F6D8F81E0C16F100D78D80 /* libPhysX3Cooking.a */,
				02F6D8F91E0C16F100D78D80 /* libPhysX3Extensions.a */,
				02F6D8FA1E0C16F100D78D80 /* libPhysX3Vehicle.a */,
				02F6D8FB1E0C16F100D78D80 /* libPhysXProfileSDK.a */,
				02F6D8FC1E0C16F100D78D80 /* libPhysXVisualDebuggerSDK.a */,
				02F6D8FD1E0C16F100D78D80 /* libPvdRuntime.a */,
				02F6D8FE1E0C16F100D78D80 /* libPxTask.a */,
				02F6D8FF1E0C16F100D78D80 /* libSceneQuery.a */,
				02F6D9001E0C16F100D78D80 /* libSimulationController.a */,
			);
			name = PhysX;
			sourceTree = "<group>";
		};
/* End PBXGroup section */

/* Begin PBXNativeTarget section */
		025903081D77933E00EA6372 /* Spud Engine 2 */ = {
			isa = PBXNativeTarget;
			buildConfigurationList = 0259031A1D77933E00EA6372 /* Build configuration list for PBXNativeTarget "Spud Engine 2" */;
			buildPhases = (
				025903051D77933E00EA6372 /* Sources */,
				025903061D77933E00EA6372 /* Frameworks */,
				025CB59E1D83D5CC0059AF6C /* CopyFiles */,
				0201C7801DEF4AC200AA0B24 /* Copy Frameworks */,
			);
			buildRules = (
			);
			dependencies = (
			);
			name = "Spud Engine 2";
			productName = "Spud Engine 2";
			productReference = 025903091D77933E00EA6372 /* Spud Engine 2.app */;
			productType = "com.apple.product-type.application";
		};
/* End PBXNativeTarget section */

/* Begin PBXProject section */
		025903011D77933E00EA6372 /* Project object */ = {
			isa = PBXProject;
			attributes = {
				LastUpgradeCheck = 0810;
				ORGANIZATIONNAME = "Logan Pazol";
				TargetAttributes = {
					025903081D77933E00EA6372 = {
						CreatedOnToolsVersion = 8.0;
						DevelopmentTeam = 259SD8597R;
						ProvisioningStyle = Automatic;
					};
				};
			};
			buildConfigurationList = 025903041D77933E00EA6372 /* Build configuration list for PBXProject "Spud Engine 2" */;
			compatibilityVersion = "Xcode 3.2";
			developmentRegion = English;
			hasScannedForEncodings = 0;
			knownRegions = (
				en,
				Base,
			);
			mainGroup = 025903001D77933E00EA6372;
			productRefGroup = 0259030A1D77933E00EA6372 /* Products */;
			projectDirPath = "";
			projectRoot = "";
			targets = (
				025903081D77933E00EA6372 /* Spud Engine 2 */,
			);
		};
/* End PBXProject section */

/* Begin PBXSourcesBuildPhase section */
		025903051D77933E00EA6372 /* Sources */ = {
			isa = PBXSourcesBuildPhase;
			buildActionMask = 2147483647;
			files = (
				02BE01461E4CD3480031DD19 /* SAnimation.cpp in Sources */,
				0291EBE41E46B2D50048DB92 /* SConsole.cpp in Sources */,
				0200D1A91E4C24E700FE128D /* SSkinnedMesh.cpp in Sources */,
				0291EBD91E46B2D50048DB92 /* SMaterial.cpp in Sources */,
				021004601E4B645B00E00A24 /* SSkinnedModel.cpp in Sources */,
				0291EBE51E46B2D50048DB92 /* SUI.cpp in Sources */,
				0291EBD31E46B2D50048DB92 /* SCamera.cpp in Sources */,
				0291EBBF1E46B2D50048DB92 /* SFileSystem.cpp in Sources */,
				0291EBCC1E46B2D50048DB92 /* SAmbientOcclusionPass.cpp in Sources */,
				0291EBE81E46B2D50048DB92 /* SUIButton.cpp in Sources */,
				0291EBBC1E46B2D50048DB92 /* STime.cpp in Sources */,
				0291EBBD1E46B2D50048DB92 /* SInputSystem.cpp in Sources */,
				0291EBCF1E46B2D50048DB92 /* SRenderingPipeline.cpp in Sources */,
				0291EBDA1E46B2D50048DB92 /* SModel.cpp in Sources */,
				0291EBD01E46B2D50048DB92 /* SGL.cpp in Sources */,
				0291EBC31E46B2D50048DB92 /* SRigidBody.cpp in Sources */,
				0291EBC71E46B2D50048DB92 /* SStaticMeshComponent.cpp in Sources */,
				0291EBD51E46B2D50048DB92 /* SCursor.cpp in Sources */,
				0291EBE71E46B2D50048DB92 /* STextRenderer.cpp in Sources */,
				0291EBDE1E46B2D50048DB92 /* SGLUpload.cpp in Sources */,
				0291EBCE1E46B2D50048DB92 /* SFramebuffer.cpp in Sources */,
				0291EBDF1E46B2D50048DB92 /* SHotLoadSystem.cpp in Sources */,
				0291EBC91E46B2D50048DB92 /* SComponent.cpp in Sources */,
				0291EBE11E46B2D50048DB92 /* SMainLoop.cpp in Sources */,
				0291EBBA1E46B2D50048DB92 /* SLog.cpp in Sources */,
				02B9A95E1E4F7BB500A21784 /* SDeferredTileController.cpp in Sources */,
				0291EBD21E46B2D50048DB92 /* SBoundingBox.cpp in Sources */,
				0291EBC01E46B2D50048DB92 /* main.cpp in Sources */,
				0291EBE31E46B2D50048DB92 /* SSoundSystem.cpp in Sources */,
				0291EBC81E46B2D50048DB92 /* SActor.cpp in Sources */,
				0291EBC11E46B2D50048DB92 /* SCharacterController.cpp in Sources */,
				0291EBDD1E46B2D50048DB92 /* SSound.cpp in Sources */,
				0291EBCD1E46B2D50048DB92 /* SDeferredRenderingPipeline.cpp in Sources */,
				0291EBBE1E46B2D50048DB92 /* SEventSystem.cpp in Sources */,
				0291EBD71E46B2D50048DB92 /* SShader.cpp in Sources */,
				0291EBDC1E46B2D50048DB92 /* STexture.cpp in Sources */,
				0291EBC41E46B2D50048DB92 /* SSceneGraph.cpp in Sources */,
				0291EBD81E46B2D50048DB92 /* SUniform.cpp in Sources */,
				0291EBD11E46B2D50048DB92 /* SRenderSystem.cpp in Sources */,
				0291EBE61E46B2D50048DB92 /* SFont.cpp in Sources */,
				0291EBD61E46B2D50048DB92 /* SGbufferShader.cpp in Sources */,
				0291EBE01E46B2D50048DB92 /* SResourceManager.cpp in Sources */,
				0291EBC61E46B2D50048DB92 /* SLightGraph.cpp in Sources */,
				0291EBDB1E46B2D50048DB92 /* SStaticMesh.cpp in Sources */,
				0291EBBB1E46B2D50048DB92 /* SRectPacker.cpp in Sources */,
				0291EBE21E46B2D50048DB92 /* SSoundEmitter.cpp in Sources */,
				0291EBE91E46B2D50048DB92 /* SUITextField.cpp in Sources */,
				0291EBC51E46B2D50048DB92 /* SLight.cpp in Sources */,
				0291EBCB1E46B2D50048DB92 /* SObject.cpp in Sources */,
				0291EBC21E46B2D50048DB92 /* SPhysicsSystem.cpp in Sources */,
				0291EBD41E46B2D50048DB92 /* SCubeMap.cpp in Sources */,
			);
			runOnlyForDeploymentPostprocessing = 0;
		};
/* End PBXSourcesBuildPhase section */

/* Begin XCBuildConfiguration section */
		025903181D77933E00EA6372 /* Debug */ = {
			isa = XCBuildConfiguration;
			buildSettings = {
				ALWAYS_SEARCH_USER_PATHS = NO;
				CLANG_ANALYZER_NONNULL = YES;
				CLANG_CXX_LANGUAGE_STANDARD = "gnu++0x";
				CLANG_CXX_LIBRARY = "libc++";
				CLANG_ENABLE_MODULES = YES;
				CLANG_ENABLE_OBJC_ARC = YES;
				CLANG_WARN_BOOL_CONVERSION = YES;
				CLANG_WARN_CONSTANT_CONVERSION = YES;
				CLANG_WARN_DIRECT_OBJC_ISA_USAGE = YES_ERROR;
				CLANG_WARN_DOCUMENTATION_COMMENTS = YES;
				CLANG_WARN_EMPTY_BODY = YES;
				CLANG_WARN_ENUM_CONVERSION = YES;
				CLANG_WARN_INFINITE_RECURSION = YES;
				CLANG_WARN_INT_CONVERSION = YES;
				CLANG_WARN_OBJC_ROOT_CLASS = YES_ERROR;
				CLANG_WARN_SUSPICIOUS_MOVE = YES;
				CLANG_WARN_SUSPICIOUS_MOVES = YES;
				CLANG_WARN_UNREACHABLE_CODE = YES;
				CLANG_WARN__DUPLICATE_METHOD_MATCH = YES;
				CODE_SIGN_IDENTITY = "-";
				COPY_PHASE_STRIP = NO;
				DEBUG_INFORMATION_FORMAT = dwarf;
				ENABLE_STRICT_OBJC_MSGSEND = YES;
				ENABLE_TESTABILITY = YES;
				GCC_C_LANGUAGE_STANDARD = gnu99;
				GCC_DYNAMIC_NO_PIC = NO;
				GCC_NO_COMMON_BLOCKS = YES;
				GCC_OPTIMIZATION_LEVEL = 0;
				GCC_PREPROCESSOR_DEFINITIONS = (
					"DEBUG=1",
					"$(inherited)",
				);
				GCC_WARN_64_TO_32_BIT_CONVERSION = YES;
				GCC_WARN_ABOUT_RETURN_TYPE = YES_ERROR;
				GCC_WARN_UNDECLARED_SELECTOR = YES;
				GCC_WARN_UNINITIALIZED_AUTOS = YES_AGGRESSIVE;
				GCC_WARN_UNUSED_FUNCTION = YES;
				GCC_WARN_UNUSED_VARIABLE = YES;
				MACOSX_DEPLOYMENT_TARGET = 10.12;
				MTL_ENABLE_DEBUG_INFO = YES;
				ONLY_ACTIVE_ARCH = YES;
				SDKROOT = macosx;
			};
			name = Debug;
		};
		025903191D77933E00EA6372 /* Release */ = {
			isa = XCBuildConfiguration;
			buildSettings = {
				ALWAYS_SEARCH_USER_PATHS = NO;
				CLANG_ANALYZER_NONNULL = YES;
				CLANG_CXX_LANGUAGE_STANDARD = "gnu++0x";
				CLANG_CXX_LIBRARY = "libc++";
				CLANG_ENABLE_MODULES = YES;
				CLANG_ENABLE_OBJC_ARC = YES;
				CLANG_WARN_BOOL_CONVERSION = YES;
				CLANG_WARN_CONSTANT_CONVERSION = YES;
				CLANG_WARN_DIRECT_OBJC_ISA_USAGE = YES_ERROR;
				CLANG_WARN_DOCUMENTATION_COMMENTS = YES;
				CLANG_WARN_EMPTY_BODY = YES;
				CLANG_WARN_ENUM_CONVERSION = YES;
				CLANG_WARN_INFINITE_RECURSION = YES;
				CLANG_WARN_INT_CONVERSION = YES;
				CLANG_WARN_OBJC_ROOT_CLASS = YES_ERROR;
				CLANG_WARN_SUSPICIOUS_MOVE = YES;
				CLANG_WARN_SUSPICIOUS_MOVES = YES;
				CLANG_WARN_UNREACHABLE_CODE = YES;
				CLANG_WARN__DUPLICATE_METHOD_MATCH = YES;
				CODE_SIGN_IDENTITY = "-";
				COPY_PHASE_STRIP = NO;
				DEBUG_INFORMATION_FORMAT = "dwarf-with-dsym";
				ENABLE_NS_ASSERTIONS = NO;
				ENABLE_STRICT_OBJC_MSGSEND = YES;
				GCC_C_LANGUAGE_STANDARD = gnu99;
				GCC_NO_COMMON_BLOCKS = YES;
				GCC_WARN_64_TO_32_BIT_CONVERSION = YES;
				GCC_WARN_ABOUT_RETURN_TYPE = YES_ERROR;
				GCC_WARN_UNDECLARED_SELECTOR = YES;
				GCC_WARN_UNINITIALIZED_AUTOS = YES_AGGRESSIVE;
				GCC_WARN_UNUSED_FUNCTION = YES;
				GCC_WARN_UNUSED_VARIABLE = YES;
				MACOSX_DEPLOYMENT_TARGET = 10.12;
				MTL_ENABLE_DEBUG_INFO = NO;
				SDKROOT = macosx;
			};
			name = Release;
		};
		0259031B1D77933E00EA6372 /* Debug */ = {
			isa = XCBuildConfiguration;
			buildSettings = {
				ASSETCATALOG_COMPILER_APPICON_NAME = AppIcon;
				CLANG_WARN_DOCUMENTATION_COMMENTS = NO;
				COMBINE_HIDPI_IMAGES = YES;
				DEVELOPMENT_TEAM = 259SD8597R;
				HEADER_SEARCH_PATHS = (
					/usr/local/include,
					"$(PROJECT_DIR)/glm",
					"$(PROJECT_DIR)/FreeImage/include",
					"$(PROJECT_DIR)/OpenAL/include",
					"$(PROJECT_DIR)/PhysX/include",
					"$(PROJECT_DIR)/GLFW/include",
				);
				INFOPLIST_FILE = "Spud Engine 2/Info.plist";
				LD_RUNPATH_SEARCH_PATHS = "$(inherited) @executable_path/../Frameworks";
				LIBRARY_SEARCH_PATHS = (
					/usr/local/lib,
					"$(PROJECT_DIR)/FreeImage/lib",
					"$(PROJECT_DIR)/OpenAL/lib",
					"$(PROJECT_DIR)/Physx/lib",
					"$(PROJECT_DIR)/GLFW/lib",
				);
				PRODUCT_BUNDLE_IDENTIFIER = "com.thinkworkx.Spud-Engine-2";
				PRODUCT_NAME = "$(TARGET_NAME)";
			};
			name = Debug;
		};
		0259031C1D77933E00EA6372 /* Release */ = {
			isa = XCBuildConfiguration;
			buildSettings = {
				ASSETCATALOG_COMPILER_APPICON_NAME = AppIcon;
				CLANG_WARN_DOCUMENTATION_COMMENTS = NO;
				COMBINE_HIDPI_IMAGES = YES;
				DEVELOPMENT_TEAM = 259SD8597R;
				HEADER_SEARCH_PATHS = (
					/usr/local/include,
					"$(PROJECT_DIR)/glm",
					"$(PROJECT_DIR)/FreeImage/include",
					"$(PROJECT_DIR)/OpenAL/include",
					"$(PROJECT_DIR)/PhysX/include",
					"$(PROJECT_DIR)/GLFW/include",
				);
				INFOPLIST_FILE = "Spud Engine 2/Info.plist";
				LD_RUNPATH_SEARCH_PATHS = "$(inherited) @executable_path/../Frameworks";
				LIBRARY_SEARCH_PATHS = (
					/usr/local/lib,
					"$(PROJECT_DIR)/FreeImage/lib",
					"$(PROJECT_DIR)/OpenAL/lib",
					"$(PROJECT_DIR)/Physx/lib",
					"$(PROJECT_DIR)/GLFW/lib",
				);
				PRODUCT_BUNDLE_IDENTIFIER = "com.thinkworkx.Spud-Engine-2";
				PRODUCT_NAME = "$(TARGET_NAME)";
			};
			name = Release;
		};
/* End XCBuildConfiguration section */

/* Begin XCConfigurationList section */
		025903041D77933E00EA6372 /* Build configuration list for PBXProject "Spud Engine 2" */ = {
			isa = XCConfigurationList;
			buildConfigurations = (
				025903181D77933E00EA6372 /* Debug */,
				025903191D77933E00EA6372 /* Release */,
			);
			defaultConfigurationIsVisible = 0;
			defaultConfigurationName = Release;
		};
		0259031A1D77933E00EA6372 /* Build configuration list for PBXNativeTarget "Spud Engine 2" */ = {
			isa = XCConfigurationList;
			buildConfigurations = (
				0259031B1D77933E00EA6372 /* Debug */,
				0259031C1D77933E00EA6372 /* Release */,
			);
			defaultConfigurationIsVisible = 0;
			defaultConfigurationName = Release;
		};
/* End XCConfigurationList section */
	};
	rootObject = 025903011D77933E00EA6372 /* Project object */;
}
