// !$*UTF8*$!
{
	archiveVersion = 1;
	classes = {
	};
	objectVersion = 46;
	objects = {

/* Begin PBXBuildFile section */
		0228B8801D7A6BB100596526 /* SResourceManager.cpp in Sources */ = {isa = PBXBuildFile; fileRef = 0228B87E1D7A6BB100596526 /* SResourceManager.cpp */; };
		0228B8841D7A779200596526 /* SMesh.cpp in Sources */ = {isa = PBXBuildFile; fileRef = 0228B8821D7A779200596526 /* SMesh.cpp */; };
		022ED1581D78FA3100DC1ECD /* SFileSystem.cpp in Sources */ = {isa = PBXBuildFile; fileRef = 022ED1561D78FA3100DC1ECD /* SFileSystem.cpp */; };
		022ED1601D79205400DC1ECD /* test.txt in Resources */ = {isa = PBXBuildFile; fileRef = 022ED15F1D79205400DC1ECD /* test.txt */; };
		025903251D7793EA00EA6372 /* libboost_system.a in Frameworks */ = {isa = PBXBuildFile; fileRef = 0259031E1D7793EA00EA6372 /* libboost_system.a */; };
		025903261D7793EA00EA6372 /* libboost_thread.a in Frameworks */ = {isa = PBXBuildFile; fileRef = 0259031F1D7793EA00EA6372 /* libboost_thread.a */; };
		025903271D7793EA00EA6372 /* libglfw3.a in Frameworks */ = {isa = PBXBuildFile; fileRef = 025903201D7793EA00EA6372 /* libglfw3.a */; };
		025903281D7793EA00EA6372 /* CoreVideo.framework in Frameworks */ = {isa = PBXBuildFile; fileRef = 025903211D7793EA00EA6372 /* CoreVideo.framework */; };
		025903291D7793EA00EA6372 /* IOKit.framework in Frameworks */ = {isa = PBXBuildFile; fileRef = 025903221D7793EA00EA6372 /* IOKit.framework */; };
		0259032A1D7793EA00EA6372 /* Cocoa.framework in Frameworks */ = {isa = PBXBuildFile; fileRef = 025903231D7793EA00EA6372 /* Cocoa.framework */; };
		0259032B1D7793EA00EA6372 /* OpenGL.framework in Frameworks */ = {isa = PBXBuildFile; fileRef = 025903241D7793EA00EA6372 /* OpenGL.framework */; };
		025903301D77940400EA6372 /* main.cpp in Sources */ = {isa = PBXBuildFile; fileRef = 0259032D1D77940400EA6372 /* main.cpp */; };
		025903311D77940400EA6372 /* object.cpp in Sources */ = {isa = PBXBuildFile; fileRef = 0259032E1D77940400EA6372 /* object.cpp */; };
		025903351D7794B500EA6372 /* libBulletCollision_gmake_x64_release.a in Frameworks */ = {isa = PBXBuildFile; fileRef = 025903321D7794B500EA6372 /* libBulletCollision_gmake_x64_release.a */; };
		025903361D7794B500EA6372 /* libBulletDynamics_gmake_x64_release.a in Frameworks */ = {isa = PBXBuildFile; fileRef = 025903331D7794B500EA6372 /* libBulletDynamics_gmake_x64_release.a */; };
		025903371D7794B500EA6372 /* libLinearMath_gmake_x64_release.a in Frameworks */ = {isa = PBXBuildFile; fileRef = 025903341D7794B500EA6372 /* libLinearMath_gmake_x64_release.a */; };
/* End PBXBuildFile section */

/* Begin PBXFileReference section */
		0228B87E1D7A6BB100596526 /* SResourceManager.cpp */ = {isa = PBXFileReference; fileEncoding = 4; lastKnownFileType = sourcecode.cpp.cpp; path = SResourceManager.cpp; sourceTree = "<group>"; };
		0228B87F1D7A6BB100596526 /* SResourceManager.hpp */ = {isa = PBXFileReference; fileEncoding = 4; lastKnownFileType = sourcecode.cpp.h; path = SResourceManager.hpp; sourceTree = "<group>"; };
		0228B8821D7A779200596526 /* SMesh.cpp */ = {isa = PBXFileReference; fileEncoding = 4; lastKnownFileType = sourcecode.cpp.cpp; path = SMesh.cpp; sourceTree = "<group>"; };
		0228B8831D7A779200596526 /* SMesh.hpp */ = {isa = PBXFileReference; fileEncoding = 4; lastKnownFileType = sourcecode.cpp.h; path = SMesh.hpp; sourceTree = "<group>"; };
		022ED1561D78FA3100DC1ECD /* SFileSystem.cpp */ = {isa = PBXFileReference; fileEncoding = 4; lastKnownFileType = sourcecode.cpp.cpp; path = SFileSystem.cpp; sourceTree = "<group>"; };
		022ED1571D78FA3100DC1ECD /* SFileSystem.hpp */ = {isa = PBXFileReference; fileEncoding = 4; lastKnownFileType = sourcecode.cpp.h; path = SFileSystem.hpp; sourceTree = "<group>"; };
		022ED15B1D79165A00DC1ECD /* SSubsystem.hpp */ = {isa = PBXFileReference; fileEncoding = 4; lastKnownFileType = sourcecode.cpp.h; path = SSubsystem.hpp; sourceTree = "<group>"; };
		022ED15F1D79205400DC1ECD /* test.txt */ = {isa = PBXFileReference; fileEncoding = 4; lastKnownFileType = text; path = test.txt; sourceTree = "<group>"; };
		025903091D77933E00EA6372 /* Spud Engine 2.app */ = {isa = PBXFileReference; explicitFileType = wrapper.application; includeInIndex = 0; path = "Spud Engine 2.app"; sourceTree = BUILT_PRODUCTS_DIR; };
		025903171D77933E00EA6372 /* Info.plist */ = {isa = PBXFileReference; lastKnownFileType = text.plist.xml; path = Info.plist; sourceTree = "<group>"; };
		0259031E1D7793EA00EA6372 /* libboost_system.a */ = {isa = PBXFileReference; lastKnownFileType = archive.ar; name = libboost_system.a; path = /usr/local/lib/libboost_system.a; sourceTree = "<absolute>"; };
		0259031F1D7793EA00EA6372 /* libboost_thread.a */ = {isa = PBXFileReference; lastKnownFileType = archive.ar; name = libboost_thread.a; path = /usr/local/lib/libboost_thread.a; sourceTree = "<absolute>"; };
		025903201D7793EA00EA6372 /* libglfw3.a */ = {isa = PBXFileReference; lastKnownFileType = archive.ar; name = libglfw3.a; path = /usr/local/lib/libglfw3.a; sourceTree = "<absolute>"; };
		025903211D7793EA00EA6372 /* CoreVideo.framework */ = {isa = PBXFileReference; lastKnownFileType = wrapper.framework; name = CoreVideo.framework; path = System/Library/Frameworks/CoreVideo.framework; sourceTree = SDKROOT; };
		025903221D7793EA00EA6372 /* IOKit.framework */ = {isa = PBXFileReference; lastKnownFileType = wrapper.framework; name = IOKit.framework; path = System/Library/Frameworks/IOKit.framework; sourceTree = SDKROOT; };
		025903231D7793EA00EA6372 /* Cocoa.framework */ = {isa = PBXFileReference; lastKnownFileType = wrapper.framework; name = Cocoa.framework; path = System/Library/Frameworks/Cocoa.framework; sourceTree = SDKROOT; };
		025903241D7793EA00EA6372 /* OpenGL.framework */ = {isa = PBXFileReference; lastKnownFileType = wrapper.framework; name = OpenGL.framework; path = System/Library/Frameworks/OpenGL.framework; sourceTree = SDKROOT; };
		0259032C1D77940400EA6372 /* driver.hpp */ = {isa = PBXFileReference; fileEncoding = 4; lastKnownFileType = sourcecode.cpp.h; path = driver.hpp; sourceTree = "<group>"; };
		0259032D1D77940400EA6372 /* main.cpp */ = {isa = PBXFileReference; fileEncoding = 4; lastKnownFileType = sourcecode.cpp.cpp; path = main.cpp; sourceTree = "<group>"; };
		0259032E1D77940400EA6372 /* object.cpp */ = {isa = PBXFileReference; fileEncoding = 4; lastKnownFileType = sourcecode.cpp.cpp; path = object.cpp; sourceTree = "<group>"; };
		0259032F1D77940400EA6372 /* object.hpp */ = {isa = PBXFileReference; fileEncoding = 4; lastKnownFileType = sourcecode.cpp.h; path = object.hpp; sourceTree = "<group>"; };
		025903321D7794B500EA6372 /* libBulletCollision_gmake_x64_release.a */ = {isa = PBXFileReference; lastKnownFileType = archive.ar; name = libBulletCollision_gmake_x64_release.a; path = Bullet/lib/libBulletCollision_gmake_x64_release.a; sourceTree = "<group>"; };
		025903331D7794B500EA6372 /* libBulletDynamics_gmake_x64_release.a */ = {isa = PBXFileReference; lastKnownFileType = archive.ar; name = libBulletDynamics_gmake_x64_release.a; path = Bullet/lib/libBulletDynamics_gmake_x64_release.a; sourceTree = "<group>"; };
		025903341D7794B500EA6372 /* libLinearMath_gmake_x64_release.a */ = {isa = PBXFileReference; lastKnownFileType = archive.ar; name = libLinearMath_gmake_x64_release.a; path = Bullet/lib/libLinearMath_gmake_x64_release.a; sourceTree = "<group>"; };
		0294E15F1D78B06500E5500D /* SPool.hpp */ = {isa = PBXFileReference; fileEncoding = 4; lastKnownFileType = sourcecode.cpp.h; path = SPool.hpp; sourceTree = "<group>"; };
/* End PBXFileReference section */

/* Begin PBXFrameworksBuildPhase section */
		025903061D77933E00EA6372 /* Frameworks */ = {
			isa = PBXFrameworksBuildPhase;
			buildActionMask = 2147483647;
			files = (
				025903251D7793EA00EA6372 /* libboost_system.a in Frameworks */,
				025903261D7793EA00EA6372 /* libboost_thread.a in Frameworks */,
				0259032A1D7793EA00EA6372 /* Cocoa.framework in Frameworks */,
				025903361D7794B500EA6372 /* libBulletDynamics_gmake_x64_release.a in Frameworks */,
				0259032B1D7793EA00EA6372 /* OpenGL.framework in Frameworks */,
				025903271D7793EA00EA6372 /* libglfw3.a in Frameworks */,
				025903351D7794B500EA6372 /* libBulletCollision_gmake_x64_release.a in Frameworks */,
				025903291D7793EA00EA6372 /* IOKit.framework in Frameworks */,
				025903281D7793EA00EA6372 /* CoreVideo.framework in Frameworks */,
				025903371D7794B500EA6372 /* libLinearMath_gmake_x64_release.a in Frameworks */,
			);
			runOnlyForDeploymentPostprocessing = 0;
		};
/* End PBXFrameworksBuildPhase section */

/* Begin PBXGroup section */
		0228B87D1D7A6BA200596526 /* Resource */ = {
			isa = PBXGroup;
			children = (
				0228B8811D7A778300596526 /* Resources */,
				0228B87E1D7A6BB100596526 /* SResourceManager.cpp */,
				0228B87F1D7A6BB100596526 /* SResourceManager.hpp */,
			);
			name = Resource;
			sourceTree = "<group>";
		};
		0228B8811D7A778300596526 /* Resources */ = {
			isa = PBXGroup;
			children = (
				0228B8821D7A779200596526 /* SMesh.cpp */,
				0228B8831D7A779200596526 /* SMesh.hpp */,
			);
			name = Resources;
			sourceTree = "<group>";
		};
		022ED1551D78FA2400DC1ECD /* File */ = {
			isa = PBXGroup;
			children = (
				022ED1561D78FA3100DC1ECD /* SFileSystem.cpp */,
				022ED1571D78FA3100DC1ECD /* SFileSystem.hpp */,
			);
			name = File;
			sourceTree = "<group>";
		};
		022ED1591D79164500DC1ECD /* Engine */ = {
			isa = PBXGroup;
			children = (
				022ED15B1D79165A00DC1ECD /* SSubsystem.hpp */,
			);
			name = Engine;
			sourceTree = "<group>";
		};
		022ED15E1D79202C00DC1ECD /* Resources */ = {
			isa = PBXGroup;
			children = (
				022ED15F1D79205400DC1ECD /* test.txt */,
			);
			path = Resources;
			sourceTree = "<group>";
		};
		025903001D77933E00EA6372 = {
			isa = PBXGroup;
			children = (
				022ED15E1D79202C00DC1ECD /* Resources */,
				0259031D1D7793CF00EA6372 /* Libraries */,
				0259030B1D77933E00EA6372 /* Spud Engine 2 */,
				0259030A1D77933E00EA6372 /* Products */,
			);
			sourceTree = "<group>";
		};
		0259030A1D77933E00EA6372 /* Products */ = {
			isa = PBXGroup;
			children = (
				025903091D77933E00EA6372 /* Spud Engine 2.app */,
			);
			name = Products;
			sourceTree = "<group>";
		};
		0259030B1D77933E00EA6372 /* Spud Engine 2 */ = {
			isa = PBXGroup;
			children = (
				0228B87D1D7A6BA200596526 /* Resource */,
				022ED1591D79164500DC1ECD /* Engine */,
				022ED1551D78FA2400DC1ECD /* File */,
				0294E1611D78B06700E5500D /* Memory */,
				0259032C1D77940400EA6372 /* driver.hpp */,
				0259032D1D77940400EA6372 /* main.cpp */,
				0259032E1D77940400EA6372 /* object.cpp */,
				0259032F1D77940400EA6372 /* object.hpp */,
				025903171D77933E00EA6372 /* Info.plist */,
			);
			path = "Spud Engine 2";
			sourceTree = "<group>";
		};
		0259031D1D7793CF00EA6372 /* Libraries */ = {
			isa = PBXGroup;
			children = (
				025903391D7794EC00EA6372 /* Boost */,
				025903381D7794E500EA6372 /* Bullet */,
				0259033A1D7794F400EA6372 /* GLFW */,
			);
			name = Libraries;
			sourceTree = "<group>";
		};
		025903381D7794E500EA6372 /* Bullet */ = {
			isa = PBXGroup;
			children = (
				025903321D7794B500EA6372 /* libBulletCollision_gmake_x64_release.a */,
				025903331D7794B500EA6372 /* libBulletDynamics_gmake_x64_release.a */,
				025903341D7794B500EA6372 /* libLinearMath_gmake_x64_release.a */,
			);
			name = Bullet;
			sourceTree = "<group>";
		};
		025903391D7794EC00EA6372 /* Boost */ = {
			isa = PBXGroup;
			children = (
				0259031E1D7793EA00EA6372 /* libboost_system.a */,
				0259031F1D7793EA00EA6372 /* libboost_thread.a */,
			);
			name = Boost;
			sourceTree = "<group>";
		};
		0259033A1D7794F400EA6372 /* GLFW */ = {
			isa = PBXGroup;
			children = (
				025903201D7793EA00EA6372 /* libglfw3.a */,
				025903211D7793EA00EA6372 /* CoreVideo.framework */,
				025903221D7793EA00EA6372 /* IOKit.framework */,
				025903231D7793EA00EA6372 /* Cocoa.framework */,
				025903241D7793EA00EA6372 /* OpenGL.framework */,
			);
			name = GLFW;
			sourceTree = "<group>";
		};
		0294E1611D78B06700E5500D /* Memory */ = {
			isa = PBXGroup;
			children = (
				0294E1621D78B64600E5500D /* Pool */,
			);
			name = Memory;
			sourceTree = "<group>";
		};
		0294E1621D78B64600E5500D /* Pool */ = {
			isa = PBXGroup;
			children = (
				0294E15F1D78B06500E5500D /* SPool.hpp */,
			);
			name = Pool;
			sourceTree = "<group>";
		};
/* End PBXGroup section */

/* Begin PBXNativeTarget section */
		025903081D77933E00EA6372 /* Spud Engine 2 */ = {
			isa = PBXNativeTarget;
			buildConfigurationList = 0259031A1D77933E00EA6372 /* Build configuration list for PBXNativeTarget "Spud Engine 2" */;
			buildPhases = (
				025903051D77933E00EA6372 /* Sources */,
				025903061D77933E00EA6372 /* Frameworks */,
				025903071D77933E00EA6372 /* Resources */,
			);
			buildRules = (
			);
			dependencies = (
			);
			name = "Spud Engine 2";
			productName = "Spud Engine 2";
			productReference = 025903091D77933E00EA6372 /* Spud Engine 2.app */;
			productType = "com.apple.product-type.application";
		};
/* End PBXNativeTarget section */

/* Begin PBXProject section */
		025903011D77933E00EA6372 /* Project object */ = {
			isa = PBXProject;
			attributes = {
				LastUpgradeCheck = 0800;
				ORGANIZATIONNAME = "Logan Pazol";
				TargetAttributes = {
					025903081D77933E00EA6372 = {
						CreatedOnToolsVersion = 8.0;
						DevelopmentTeam = 259SD8597R;
						ProvisioningStyle = Automatic;
					};
				};
			};
			buildConfigurationList = 025903041D77933E00EA6372 /* Build configuration list for PBXProject "Spud Engine 2" */;
			compatibilityVersion = "Xcode 3.2";
			developmentRegion = English;
			hasScannedForEncodings = 0;
			knownRegions = (
				en,
				Base,
			);
			mainGroup = 025903001D77933E00EA6372;
			productRefGroup = 0259030A1D77933E00EA6372 /* Products */;
			projectDirPath = "";
			projectRoot = "";
			targets = (
				025903081D77933E00EA6372 /* Spud Engine 2 */,
			);
		};
/* End PBXProject section */

/* Begin PBXResourcesBuildPhase section */
		025903071D77933E00EA6372 /* Resources */ = {
			isa = PBXResourcesBuildPhase;
			buildActionMask = 2147483647;
			files = (
				022ED1601D79205400DC1ECD /* test.txt in Resources */,
			);
			runOnlyForDeploymentPostprocessing = 0;
		};
/* End PBXResourcesBuildPhase section */

/* Begin PBXSourcesBuildPhase section */
		025903051D77933E00EA6372 /* Sources */ = {
			isa = PBXSourcesBuildPhase;
			buildActionMask = 2147483647;
			files = (
				022ED1581D78FA3100DC1ECD /* SFileSystem.cpp in Sources */,
				025903311D77940400EA6372 /* object.cpp in Sources */,
				0228B8841D7A779200596526 /* SMesh.cpp in Sources */,
				025903301D77940400EA6372 /* main.cpp in Sources */,
				0228B8801D7A6BB100596526 /* SResourceManager.cpp in Sources */,
			);
			runOnlyForDeploymentPostprocessing = 0;
		};
/* End PBXSourcesBuildPhase section */

/* Begin XCBuildConfiguration section */
		025903181D77933E00EA6372 /* Debug */ = {
			isa = XCBuildConfiguration;
			buildSettings = {
				ALWAYS_SEARCH_USER_PATHS = NO;
				CLANG_ANALYZER_NONNULL = YES;
				CLANG_CXX_LANGUAGE_STANDARD = "gnu++0x";
				CLANG_CXX_LIBRARY = "libc++";
				CLANG_ENABLE_MODULES = YES;
				CLANG_ENABLE_OBJC_ARC = YES;
				CLANG_WARN_BOOL_CONVERSION = YES;
				CLANG_WARN_CONSTANT_CONVERSION = YES;
				CLANG_WARN_DIRECT_OBJC_ISA_USAGE = YES_ERROR;
				CLANG_WARN_DOCUMENTATION_COMMENTS = YES;
				CLANG_WARN_EMPTY_BODY = YES;
				CLANG_WARN_ENUM_CONVERSION = YES;
				CLANG_WARN_INFINITE_RECURSION = YES;
				CLANG_WARN_INT_CONVERSION = YES;
				CLANG_WARN_OBJC_ROOT_CLASS = YES_ERROR;
				CLANG_WARN_SUSPICIOUS_MOVES = YES;
				CLANG_WARN_UNREACHABLE_CODE = YES;
				CLANG_WARN__DUPLICATE_METHOD_MATCH = YES;
				CODE_SIGN_IDENTITY = "-";
				COPY_PHASE_STRIP = NO;
				DEBUG_INFORMATION_FORMAT = dwarf;
				ENABLE_STRICT_OBJC_MSGSEND = YES;
				ENABLE_TESTABILITY = YES;
				GCC_C_LANGUAGE_STANDARD = gnu99;
				GCC_DYNAMIC_NO_PIC = NO;
				GCC_NO_COMMON_BLOCKS = YES;
				GCC_OPTIMIZATION_LEVEL = 0;
				GCC_PREPROCESSOR_DEFINITIONS = (
					"DEBUG=1",
					"$(inherited)",
				);
				GCC_WARN_64_TO_32_BIT_CONVERSION = YES;
				GCC_WARN_ABOUT_RETURN_TYPE = YES_ERROR;
				GCC_WARN_UNDECLARED_SELECTOR = YES;
				GCC_WARN_UNINITIALIZED_AUTOS = YES_AGGRESSIVE;
				GCC_WARN_UNUSED_FUNCTION = YES;
				GCC_WARN_UNUSED_VARIABLE = YES;
				MACOSX_DEPLOYMENT_TARGET = 10.12;
				MTL_ENABLE_DEBUG_INFO = YES;
				ONLY_ACTIVE_ARCH = YES;
				SDKROOT = macosx;
			};
			name = Debug;
		};
		025903191D77933E00EA6372 /* Release */ = {
			isa = XCBuildConfiguration;
			buildSettings = {
				ALWAYS_SEARCH_USER_PATHS = NO;
				CLANG_ANALYZER_NONNULL = YES;
				CLANG_CXX_LANGUAGE_STANDARD = "gnu++0x";
				CLANG_CXX_LIBRARY = "libc++";
				CLANG_ENABLE_MODULES = YES;
				CLANG_ENABLE_OBJC_ARC = YES;
				CLANG_WARN_BOOL_CONVERSION = YES;
				CLANG_WARN_CONSTANT_CONVERSION = YES;
				CLANG_WARN_DIRECT_OBJC_ISA_USAGE = YES_ERROR;
				CLANG_WARN_DOCUMENTATION_COMMENTS = YES;
				CLANG_WARN_EMPTY_BODY = YES;
				CLANG_WARN_ENUM_CONVERSION = YES;
				CLANG_WARN_INFINITE_RECURSION = YES;
				CLANG_WARN_INT_CONVERSION = YES;
				CLANG_WARN_OBJC_ROOT_CLASS = YES_ERROR;
				CLANG_WARN_SUSPICIOUS_MOVES = YES;
				CLANG_WARN_UNREACHABLE_CODE = YES;
				CLANG_WARN__DUPLICATE_METHOD_MATCH = YES;
				CODE_SIGN_IDENTITY = "-";
				COPY_PHASE_STRIP = NO;
				DEBUG_INFORMATION_FORMAT = "dwarf-with-dsym";
				ENABLE_NS_ASSERTIONS = NO;
				ENABLE_STRICT_OBJC_MSGSEND = YES;
				GCC_C_LANGUAGE_STANDARD = gnu99;
				GCC_NO_COMMON_BLOCKS = YES;
				GCC_WARN_64_TO_32_BIT_CONVERSION = YES;
				GCC_WARN_ABOUT_RETURN_TYPE = YES_ERROR;
				GCC_WARN_UNDECLARED_SELECTOR = YES;
				GCC_WARN_UNINITIALIZED_AUTOS = YES_AGGRESSIVE;
				GCC_WARN_UNUSED_FUNCTION = YES;
				GCC_WARN_UNUSED_VARIABLE = YES;
				MACOSX_DEPLOYMENT_TARGET = 10.12;
				MTL_ENABLE_DEBUG_INFO = NO;
				SDKROOT = macosx;
			};
			name = Release;
		};
		0259031B1D77933E00EA6372 /* Debug */ = {
			isa = XCBuildConfiguration;
			buildSettings = {
				ASSETCATALOG_COMPILER_APPICON_NAME = AppIcon;
				CLANG_WARN_DOCUMENTATION_COMMENTS = NO;
				COMBINE_HIDPI_IMAGES = YES;
				DEVELOPMENT_TEAM = 259SD8597R;
				HEADER_SEARCH_PATHS = (
					/usr/local/include,
					"$(PROJECT_DIR)/Bullet/include",
					"$(PROJECT_DIR)/glm",
				);
				INFOPLIST_FILE = "Spud Engine 2/Info.plist";
				LD_RUNPATH_SEARCH_PATHS = "$(inherited) @executable_path/../Frameworks";
				LIBRARY_SEARCH_PATHS = (
					/usr/local/lib,
					"$(PROJECT_DIR)/Bullet/lib",
				);
				PRODUCT_BUNDLE_IDENTIFIER = "com.thinkworkx.Spud-Engine-2";
				PRODUCT_NAME = "$(TARGET_NAME)";
			};
			name = Debug;
		};
		0259031C1D77933E00EA6372 /* Release */ = {
			isa = XCBuildConfiguration;
			buildSettings = {
				ASSETCATALOG_COMPILER_APPICON_NAME = AppIcon;
				CLANG_WARN_DOCUMENTATION_COMMENTS = NO;
				COMBINE_HIDPI_IMAGES = YES;
				DEVELOPMENT_TEAM = 259SD8597R;
				HEADER_SEARCH_PATHS = (
					/usr/local/include,
					"$(PROJECT_DIR)/Bullet/include",
					"$(PROJECT_DIR)/glm",
				);
				INFOPLIST_FILE = "Spud Engine 2/Info.plist";
				LD_RUNPATH_SEARCH_PATHS = "$(inherited) @executable_path/../Frameworks";
				LIBRARY_SEARCH_PATHS = (
					/usr/local/lib,
					"$(PROJECT_DIR)/Bullet/lib",
				);
				PRODUCT_BUNDLE_IDENTIFIER = "com.thinkworkx.Spud-Engine-2";
				PRODUCT_NAME = "$(TARGET_NAME)";
			};
			name = Release;
		};
/* End XCBuildConfiguration section */

/* Begin XCConfigurationList section */
		025903041D77933E00EA6372 /* Build configuration list for PBXProject "Spud Engine 2" */ = {
			isa = XCConfigurationList;
			buildConfigurations = (
				025903181D77933E00EA6372 /* Debug */,
				025903191D77933E00EA6372 /* Release */,
			);
			defaultConfigurationIsVisible = 0;
			defaultConfigurationName = Release;
		};
		0259031A1D77933E00EA6372 /* Build configuration list for PBXNativeTarget "Spud Engine 2" */ = {
			isa = XCConfigurationList;
			buildConfigurations = (
				0259031B1D77933E00EA6372 /* Debug */,
				0259031C1D77933E00EA6372 /* Release */,
			);
			defaultConfigurationIsVisible = 0;
			defaultConfigurationName = Release;
		};
/* End XCConfigurationList section */
	};
	rootObject = 025903011D77933E00EA6372 /* Project object */;
}
